{
  "version": 4,
  "terraform_version": "1.8.0",
  "serial": 559,
  "lineage": "cffc6e96-6c9c-a340-cb6f-411136d9dd2f",
  "outputs": {
    "aks_workload_identity_client_id": {
      "value": "923539b6-02e1-4a28-bc1c-a55b13b1b676",
      "type": "string"
    },
    "cicd_vm_ip": {
      "value": "4.180.171.203",
      "type": "string"
    },
    "client_certificate": {
      "value": "LS0tLS1CRUdJTiBDRVJUSUZJQ0FURS0tLS0tCk1JSUZIVENDQXdXZ0F3SUJBZ0lRVmg5bzdkcEZXSzNtWElaclR5anZ1VEFOQmdrcWhraUc5dzBCQVFzRkFEQU4KTVFzd0NRWURWUVFERXdKallUQWVGdzB5TkRBNU1UQXhNVEF6TWpOYUZ3MHlOakE1TVRBeE1URXpNak5hTURBeApGekFWQmdOVkJBb1REbk41YzNSbGJUcHRZWE4wWlhKek1SVXdFd1lEVlFRREV3eHRZWE4wWlhKamJHbGxiblF3CmdnSWlNQTBHQ1NxR1NJYjNEUUVCQVFVQUE0SUNEd0F3Z2dJS0FvSUNBUUMrU2FYTW44b0hpeGFSZXhtSEhSVGYKSGRuS3FRclRPaWlPTjBlVFRNWnpadStkSkZsUDYzWFhFdTUybFpFWUxLbnNoYWo2NllVQmxLcklvU0xja3FLVgpuaWdDVU91enBTcWdxeGFCRTV4Wm9NNDNLUytmMERsUWVVMndvaTQ0eGR5RTJzQUVlelkzTTZzUHVTOElNdWw2CmFFWXNyQVNNQ3F1bTRWdzQvYUM3d1VHdnZzV2ZXQ2NSeFpHN2QwcUVWSWJJdDdhdGU3bTd4eldTYVFGYW1pUk4Kcm9JWFlMMCthb2s4Um10UlBTWFFJZW83ano1NGhKdVNTb1JFQ2NpZjNRTENvL3R0K21PWG1RK3R6Q2RGK1hWTwpZRVlWQUlhK1kyaGY4eS9XMmFpVUduMXBoSXd1VVFSWVlaRFRPbFU1RklhMGpnM3hjTUc3N0VIVjlGemV5bHdHCkRHdjBYZzNVeTBWRzVkSVkxckRMbFcrdTU0L2g5cGZBajBIT2NsRDRYUmRGOFl5NmVrcjVwWklwdnhoNm5GdHoKc0xGS20ycWpxUkVuLzI0dVZ1NlJHbnczSno1cXptU0QzSmNJR292dGV0UzA2bmxmb0tTMkJlMVlLZFJZOVRwZgo1dlFvK1ZQdmtNRnNVMHRKaElJbktrTWpWRlJsOEk1bG5oQldvcjYwd1VCYlRpOGZpcURSQk1ERGFrUk5rTE5XCnMxZXlxYTZiMStVcVV4M2kyV2lSdHlUNEk5YW5LSzljY25lYWpkU2tseFJwdTlrNmIvRlExR2E1Y1ZKbGdBQWwKU3BzWldHM2U2RnJ2QVRtRG5KSnNJb3JibFdIdUZ5NUowcUpRMG5lUTVPYXpQV3lqUDdaUmUwank1MTFxR0RuVgowTHM3YkltU0Vad2VFV01XMXBOM3pRSURBUUFCbzFZd1ZEQU9CZ05WSFE4QkFmOEVCQU1DQmFBd0V3WURWUjBsCkJBd3dDZ1lJS3dZQkJRVUhBd0l3REFZRFZSMFRBUUgvQkFJd0FEQWZCZ05WSFNNRUdEQVdnQlJNYUVJNldUUWEKTHBZNS83WVNva1JXdWR3M01EQU5CZ2txaGtpRzl3MEJBUXNGQUFPQ0FnRUFMUS9PVndwbXQ2b1pyU2tocXQ4ZwpmNHE1bzIzMitMMkYzNXk0WW9BQ0xRYy9Yc1g4Q1BWQVkyL2RsYWV2dTNIQXVDMHN3Wnp5c2ZTbTJsam00eVNrCjJIeVI0VEFmWEV2RHF6MGtqTkRWcFM4UHN4Z2h3MWhDZVIvU1drclRhVk4rSjdHSkplNUFIdnN1SWhXLzJtY3oKQ1Q0dzlMVlJ5WmxPMFlFUmR1U2luQ1gvQjF2UEVOTWJtS2pqa0t2bWVVMUlkSEgzZE5iM0l4dENJSUZVWUZuSQp6M3FIMFlna2RPUzRRcWlyZWFLeTcrd21uQnJNdnJuY1h1Qm40dnpWczNDU1V0RHlGekpUT2FnQURlRFJVUklKCkNSRHRETjd2VFF3SVh3eXhMM2IvV3kwYkRiWG53U1ZZdVJ0ejJJV2F0YzJhQ1dQRFRwTkx1KzhaRlhBMDNGRFkKdkg4K004QkRVRTNLcmFKS2hYeFp4MmFkaUpIM25ET3Z6R3hGSm5seXc4YXNWTWcrRFIzSi9rRmI3UDkzbTJySgp6dFp2anN6Z0FTbnFZRUtuczA5SHZ5OStXN2VBRC9NcmRWWmhnb1pCY2p5eDlDYW91b203aE1EWUtyNkVrOXZGCm5MVk9qMnF5MjFleDRRclNEUFlsN0FTVW02bldZRWlJRVlWYjBoSWJGanFrOHNhcmlaLzdST2lFdnhrc2tqWnIKL3VSNEVTUXpQUENUeGw1N2tMd3FuMXpkdmxWMkJxYmdrZXMvVDh5RzdIK1Y2b3I0MkdoQVEvbi9hbWhlOWg0NQpuMW9lMHdpbVMwUld2QlBDMzB5SHIrMnV3bUM0a1hKWHVUR3BTUDJ6b3Q2eFdmd3lkenBiZDgwb3NTN1ZPYTZ0CnQwU2ZWS29aSG5Xbng5dThzc0JtMXYwPQotLS0tLUVORCBDRVJUSUZJQ0FURS0tLS0tCg==",
      "type": "string",
      "sensitive": true
    },
    "cluster_ca_certificate": {
      "value": "LS0tLS1CRUdJTiBDRVJUSUZJQ0FURS0tLS0tCk1JSUU2RENDQXRDZ0F3SUJBZ0lRUHF6NVdQbC9tMk5sU3pxNkFDSDdXekFOQmdrcWhraUc5dzBCQVFzRkFEQU4KTVFzd0NRWURWUVFERXdKallUQWdGdzB5TkRBNU1UQXhNVEF6TWpOYUdBOHlNRFUwTURreE1ERXhNVE15TTFvdwpEVEVMTUFrR0ExVUVBeE1DWTJFd2dnSWlNQTBHQ1NxR1NJYjNEUUVCQVFVQUE0SUNEd0F3Z2dJS0FvSUNBUURQCkRVMEpjREtLUFNOTVNqQjgzUThoemsycVQ1WjB0eDg0bUVEbzBKUWVCTk5wU0J6d3A4Q1F3NGc5T0xXQU82Wm8KVTJUNlNHNWF1ekJ1U0xFSGNQQ09rZTR4Z2xlYU84MkRyazUyN0h5WEljdWNwOWltU0hROXBscmgvejZiZVdUdwpMcXJNOVRPODA5RnM2T0o1SWVGdmF6VjExRzVhcTlDdVkrUkpRQVlsc2VkNUpjRWNsVkJwTUpub00yUkxYQ3JlCmRNY0U0UU1CckVNVDVPQ0RlNXRMVThvOGtnUUJXY1ZWYTNNKzBUM1BwV0JVNEpncjlsR3VKMklBT2U1QXlPbFQKMVlMWmNoK0ptZm5xSkJBTjlhN05xdzlQRVJVK0MvZk1HTzJRc3NQdFpGN1JETk9UU0c3UlN4ck1QNkF2VE1XTAp3Tjdod01kZENNeVFBMmZicmhtRHlsTktkU244ajRvcDBVaUxEaWt3bnNuZWtQUm9MM3ZqaEdZYkc0ZllTeVJJCnA0UUZZb1VqbTVENGR5Q2J6N0JrYmNValpsNlRHdk5VeC94Y0M3MnRGMEYvVzl6ckRyV3pJRWZJbDFIaTdsZ3EKSVIybm92dW5XTWx6THdDTXZHNWFPdXZKMTkzMEJ1czJQblptWUJidEFZWHNMMURPUmJGazB2dHJTRWM0SU5mWQpZeEVrRCtpanFzU1p4MUpXWlIyWFJEY2ZqSDR3dnYwNGxiVDJjVkVoaTRaRDJXenFXUVoyU0ZxSE5XS3cwakNRCmlWMDZHd0psTnFXZzBNSVhzTVlVL21nWVMxRi82MCtiaWkvMXRCZG5OQUJVZkNRNVd1VC96Z2JsUTkzYjdnM2sKMnJEc2RWR1Z6QlhXUG9sZmJoSDdtMTcwS29tNU1mQzJmelFMS1VyUWZ3SURBUUFCbzBJd1FEQU9CZ05WSFE4QgpBZjhFQkFNQ0FxUXdEd1lEVlIwVEFRSC9CQVV3QXdFQi96QWRCZ05WSFE0RUZnUVVUR2hDT2xrMEdpNldPZisyCkVxSkVWcm5jTnpBd0RRWUpLb1pJaHZjTkFRRUxCUUFEZ2dJQkFHdWNXNFF4aksrcTJxRW1hOWtsZXhsZlMrNTQKTFBjWENTeGtYV0o4VnczZTB0V2NKMXEyM29FeXFkYkhDZWtjTVNHVUgvQ3M5QmRueWpLejJsRXB0OUwzOWgxMgpWcHlGamwxWVNNWWl5VzdRQnhxTHBkdStYK0J5cW5FN1BjSWs0Q2RlRHhlUTJZb0NPeUF5TXhKeG9tK0I2VmNvCmpCdHRBUFRsUDlnc242bTZLOTZJN1NDbWZuUzFBbkR2YnBzVDhuVktCT2YxQXZsMklzdmlpYlU5TXRITHovZVEKUUdyS29PYkVMNjRHOWlWamZnTkt3eDdtWXY2dGtod29VZDh4dERzL0lRcFdCcjJaNkFXbCtuRXYvMzNXVXU1cgpOaFpwYTNVS0tkS09hQ21jQ0Q2aEV2OG9QVlFhQlZTZ0llcXpwSW90Y3JaRFdhSVdXRDZ5a2htdVY4U0ZTT2ZRClRBc1BMNEJTUWY3bHFWemZQUU9UU21Uam9PTW9Cd1VUbVR6QUtReHE4SFdRVnRBaW51UlU5eE9rd014L0l4K0cKVWVOZVZaTlI0L3pXdkUvek5BQkhZV2hQS3JwNXFFVXM2dzNoNU9Oa1B0M2ZEVWN6d3VWdXF0b0ZneFg5MVVRcwp1ci9xQTJHSXZhQnNPUkJYTHFEdmFKckFMbUNlak52V2VWU0d6NE9ZZjRUekVJMGlrZkVKMkltNE5aem9DeFpECkF0d0RKTVp0OVR4RldWUkF2M2hnV0ppTjFEVFlKWHRnRWN5a01Bc254TDg0ZkhNUjMyTTRtenMzV0wxSFlIREMKV21qbEM5YWlRZWdkNDdzWm5BUnBXdFFRT3lueW1jVHJUd3ZkSm9TS2VTblg0YXdTb0t0dEs3TXFQaDNTZUpXWApKZ3pIb0FOaDAxdm5RcUdECi0tLS0tRU5EIENFUlRJRklDQVRFLS0tLS0K",
      "type": "string",
      "sensitive": true
    },
    "cluster_client_certificate": {
      "value": "LS0tLS1CRUdJTiBDRVJUSUZJQ0FURS0tLS0tCk1JSUZIVENDQXdXZ0F3SUJBZ0lRVmg5bzdkcEZXSzNtWElaclR5anZ1VEFOQmdrcWhraUc5dzBCQVFzRkFEQU4KTVFzd0NRWURWUVFERXdKallUQWVGdzB5TkRBNU1UQXhNVEF6TWpOYUZ3MHlOakE1TVRBeE1URXpNak5hTURBeApGekFWQmdOVkJBb1REbk41YzNSbGJUcHRZWE4wWlhKek1SVXdFd1lEVlFRREV3eHRZWE4wWlhKamJHbGxiblF3CmdnSWlNQTBHQ1NxR1NJYjNEUUVCQVFVQUE0SUNEd0F3Z2dJS0FvSUNBUUMrU2FYTW44b0hpeGFSZXhtSEhSVGYKSGRuS3FRclRPaWlPTjBlVFRNWnpadStkSkZsUDYzWFhFdTUybFpFWUxLbnNoYWo2NllVQmxLcklvU0xja3FLVgpuaWdDVU91enBTcWdxeGFCRTV4Wm9NNDNLUytmMERsUWVVMndvaTQ0eGR5RTJzQUVlelkzTTZzUHVTOElNdWw2CmFFWXNyQVNNQ3F1bTRWdzQvYUM3d1VHdnZzV2ZXQ2NSeFpHN2QwcUVWSWJJdDdhdGU3bTd4eldTYVFGYW1pUk4Kcm9JWFlMMCthb2s4Um10UlBTWFFJZW83ano1NGhKdVNTb1JFQ2NpZjNRTENvL3R0K21PWG1RK3R6Q2RGK1hWTwpZRVlWQUlhK1kyaGY4eS9XMmFpVUduMXBoSXd1VVFSWVlaRFRPbFU1RklhMGpnM3hjTUc3N0VIVjlGemV5bHdHCkRHdjBYZzNVeTBWRzVkSVkxckRMbFcrdTU0L2g5cGZBajBIT2NsRDRYUmRGOFl5NmVrcjVwWklwdnhoNm5GdHoKc0xGS20ycWpxUkVuLzI0dVZ1NlJHbnczSno1cXptU0QzSmNJR292dGV0UzA2bmxmb0tTMkJlMVlLZFJZOVRwZgo1dlFvK1ZQdmtNRnNVMHRKaElJbktrTWpWRlJsOEk1bG5oQldvcjYwd1VCYlRpOGZpcURSQk1ERGFrUk5rTE5XCnMxZXlxYTZiMStVcVV4M2kyV2lSdHlUNEk5YW5LSzljY25lYWpkU2tseFJwdTlrNmIvRlExR2E1Y1ZKbGdBQWwKU3BzWldHM2U2RnJ2QVRtRG5KSnNJb3JibFdIdUZ5NUowcUpRMG5lUTVPYXpQV3lqUDdaUmUwank1MTFxR0RuVgowTHM3YkltU0Vad2VFV01XMXBOM3pRSURBUUFCbzFZd1ZEQU9CZ05WSFE4QkFmOEVCQU1DQmFBd0V3WURWUjBsCkJBd3dDZ1lJS3dZQkJRVUhBd0l3REFZRFZSMFRBUUgvQkFJd0FEQWZCZ05WSFNNRUdEQVdnQlJNYUVJNldUUWEKTHBZNS83WVNva1JXdWR3M01EQU5CZ2txaGtpRzl3MEJBUXNGQUFPQ0FnRUFMUS9PVndwbXQ2b1pyU2tocXQ4ZwpmNHE1bzIzMitMMkYzNXk0WW9BQ0xRYy9Yc1g4Q1BWQVkyL2RsYWV2dTNIQXVDMHN3Wnp5c2ZTbTJsam00eVNrCjJIeVI0VEFmWEV2RHF6MGtqTkRWcFM4UHN4Z2h3MWhDZVIvU1drclRhVk4rSjdHSkplNUFIdnN1SWhXLzJtY3oKQ1Q0dzlMVlJ5WmxPMFlFUmR1U2luQ1gvQjF2UEVOTWJtS2pqa0t2bWVVMUlkSEgzZE5iM0l4dENJSUZVWUZuSQp6M3FIMFlna2RPUzRRcWlyZWFLeTcrd21uQnJNdnJuY1h1Qm40dnpWczNDU1V0RHlGekpUT2FnQURlRFJVUklKCkNSRHRETjd2VFF3SVh3eXhMM2IvV3kwYkRiWG53U1ZZdVJ0ejJJV2F0YzJhQ1dQRFRwTkx1KzhaRlhBMDNGRFkKdkg4K004QkRVRTNLcmFKS2hYeFp4MmFkaUpIM25ET3Z6R3hGSm5seXc4YXNWTWcrRFIzSi9rRmI3UDkzbTJySgp6dFp2anN6Z0FTbnFZRUtuczA5SHZ5OStXN2VBRC9NcmRWWmhnb1pCY2p5eDlDYW91b203aE1EWUtyNkVrOXZGCm5MVk9qMnF5MjFleDRRclNEUFlsN0FTVW02bldZRWlJRVlWYjBoSWJGanFrOHNhcmlaLzdST2lFdnhrc2tqWnIKL3VSNEVTUXpQUENUeGw1N2tMd3FuMXpkdmxWMkJxYmdrZXMvVDh5RzdIK1Y2b3I0MkdoQVEvbi9hbWhlOWg0NQpuMW9lMHdpbVMwUld2QlBDMzB5SHIrMnV3bUM0a1hKWHVUR3BTUDJ6b3Q2eFdmd3lkenBiZDgwb3NTN1ZPYTZ0CnQwU2ZWS29aSG5Xbng5dThzc0JtMXYwPQotLS0tLUVORCBDRVJUSUZJQ0FURS0tLS0tCg==",
      "type": "string",
      "sensitive": true
    },
    "cluster_client_key": {
      "value": "LS0tLS1CRUdJTiBSU0EgUFJJVkFURSBLRVktLS0tLQpNSUlKS1FJQkFBS0NBZ0VBdmttbHpKL0tCNHNXa1hzWmh4MFUzeDNaeXFrSzB6b29qamRIazB6R2MyYnZuU1JaClQrdDExeEx1ZHBXUkdDeXA3SVdvK3VtRkFaU3F5S0VpM0pLaWxaNG9BbERyczZVcW9Lc1dnUk9jV2FET055a3YKbjlBNVVIbE5zS0l1T01YY2hOckFCSHMyTnpPckQ3a3ZDRExwZW1oR0xLd0VqQXFycHVGY09QMmd1OEZCcjc3RgpuMWduRWNXUnUzZEtoRlNHeUxlMnJYdTV1OGMxa21rQldwb2tUYTZDRjJDOVBtcUpQRVpyVVQwbDBDSHFPNDgrCmVJU2Jra3FFUkFuSW45MEN3cVA3YmZwamw1a1ByY3duUmZsMVRtQkdGUUNHdm1Ob1gvTXYxdG1vbEJwOWFZU00KTGxFRVdHR1EwenBWT1JTR3RJNE44WERCdSt4QjFmUmMzc3BjQmd4cjlGNE4xTXRGUnVYU0dOYXd5NVZ2cnVlUAo0ZmFYd0k5QnpuSlErRjBYUmZHTXVucEsrYVdTS2I4WWVweGJjN0N4U3B0cW82a1JKLzl1TGxidWtScDhOeWMrCmFzNWtnOXlYQ0JxTDdYclV0T3A1WDZDa3RnWHRXQ25VV1BVNlgrYjBLUGxUNzVEQmJGTkxTWVNDSnlwREkxUlUKWmZDT1paNFFWcUsrdE1GQVcwNHZINHFnMFFUQXcycEVUWkN6VnJOWHNxbXVtOWZsS2xNZDR0bG9rYmNrK0NQVwpweWl2WEhKM21vM1VwSmNVYWJ2Wk9tL3hVTlJtdVhGU1pZQUFKVXFiR1ZodDN1aGE3d0U1ZzV5U2JDS0syNVZoCjdoY3VTZEtpVU5KM2tPVG1zejFzb3orMlVYdEk4dWRkYWhnNTFkQzdPMnlKa2hHY0hoRmpGdGFUZDgwQ0F3RUEKQVFLQ0FnQktyYXliK2JuWDdBWVhZakJLam1jNmlRU0lQSDg3Rm9BRUVEM08yVHFvMzZUNkR1SGVNNUl6cmdKWQpGNnF4eWhXRjlZNnpxaUhBMVErUlhXdkpGT01weEwvKzZMTVg5YUlkSEFmZzhFbFVBMy9xdGdjeXVRMUZQOVgxCmxEQi9wMmM3M0gydlJJdXFibVNiN3hrK0puenF4VEdGSnAxQ09JM1ZHR3lSRVRpYmR1VElqQjRTd3czU002OVYKMnlNcmUrREp0US9FVmVJMmg1L0dyZDhTSjV4SHdFemR6K0YxTldwV2RXeDRuWDdSaC8zZEVnSjZXZENVUVJwWAplVjk3SGNtUGlidUxGZEV3RmFuSmsyMTJVTWh3MGVldkpsMjdLbGcwRDhTZWxSMUx3bm1saDVkY05mOTJrQk8rClVnNVFNSFlOTmhMU3htWEIwcDZqMFJzQmRIbFlWN0JiQTVvYVgwNjRzcThPQVBOTHdENUxDU05ETW5tb2ZubUIKdVIycWtlOGgrRlRTV250VGN4VlpFbGRpOEJMcHFJSS80Yjd5c2hvOWticlVXVmg1VElTSFlvT0lUYUo3QmcrdQpiZ2tnRE10ZUFHN0pUSzQ2WnBWbDlObkFsajN0VkszSVNENHBYZG5SZHJuRER6NDFRbVQyNkxSazgwK2I0MkZDCmRvMEw1c0dId0JiMkpXeU52ZWpoQVVGU3RTMGMyQVNjOTNRNXpLOWdhdlNITDlqNWpXVjVRWmo3ZTFsUzAySWsKMldZbkROcTM3ekVUemFHNVpiNVppUll4SzAzOTE4cTBGTmVZNEljVjREdE5ldXo3UGRxcEo3VHhzZkJiRDJjZgpiZzNsaWVEMlBCTnMzN2NKZlZrWnB6akdsQ2dNTlh6ZE9FRUcyQlBzODlTYlF2YVNJUUtDQVFFQStzWE0zUTlPCmVWNG42a216dU5MTmtlNmE4dVl5Sml0M3F4Ly8waDk3c3gzcWUwK1lXZGpHbUFDOTAxU0NtSW4zL3B3dTFzUmQKeWVzQm1rU2tpRWg4U0w1bDcrM01hQ0xrUlFWY3B2SGhzYStwb3hYVXdGQ0tvR3Ixc0lTcHc3b3RvelBGWXU4QQpaWXg5UVovKzRlajlDUExmY05HLzN0YUhxTWZuTmRNS0owQytVMWVIRWp4TlB3Ym5DRzBLRWpGMnJHU2VnUDVQCnIvdFNDYzQ0Ri9qTk9BelBHd1hDQy82dTdOUDMvS3lMYkpEdnRsaTgxTjdwWkg4anc0ZjczV0Eya1ErZy9CajYKNm9qRVc2TndqemhwNTJKTU5RV3o1TE5ycVRVZ2dJamFXdWtnMnNLRmN5UXAvSmZQU254UHdvT1l1VUNna1V3SwpoTlg4RGt1S2tSZjZtd0tDQVFFQXdrRVV3SkNvOFlzbTdtV1hYSERiVjBCUEMxK1hPMlNjYXhSWkpuTTQwM0ZRCjRIa1F4bWxOUkJxOGdaNVZHcHpwaStjQUxYTXdINFNYTDg3eE0yaUE1eHBpWXBwVE9GMFdqSTI1SzR0QktBYVoKUzQrMzFMVStZU0hBa2YrYTk5MmtnTXRVQUJNUDJ2MnVBakI5Ukl2bTF1dUdQYkhQb3lhaXhBVzZ3UmRIQjcvdApPanpsKzZ1WEJIeFIrRHVOelFWbC9PYnRCWSszdVB0UDNNOXlWaGtlcG5DUE5HM2VUUG5MR0trTUhlZ25UMGlWCnRtd244TEg4V0MycDFIM3kwVGI1R1N2TXhRRVErcmRFeFd6WnZSQTJoSVA3UDBFajZhNUJ4dnh5Nm9ZZ21xVysKRE9QV0dwRHlxS0VrNGpYRW0zcUQweVlEcklSVG4weW02VnRtSW0ycHR3S0NBUUVBcjZVQm84aEh6OHg2S3FpcQp3QWF1dzhzYkxveTdqVzZlcC9hR3lWY1IzbGhTMTBIZDFQaDN5Um1qMjdSeXNJTGFkN1JQUGxCVjNNckUyWmZBCm9sQWE5UnllNjVsa3RYL1M0T0VyanljV1RNMWNCUVdTZVkwd084SVBDaTh4ZFEwZlVCTS82dGE2TVdaZ2lTbVcKYmdjeHpDWEpDUTF3MVpUdmVmRmlhWm5DbjlIQ1BUK3VOTUNWM2xKb1djZDk2VlpKNTkrbUFYV2V2UVZMNWVCUgorOEJoaFNPN29CSzlZb2RsWUMzcm9VZjljL0prWkJUdFZqQTN5eE1lS3FOQmIwSW5saDBiUmRmOVQyNnlFZmw5CkttTjZFZjRRb0lhNUJMUUM4WVpybUh2Q2JUQ2l1WGJMMytUeG42RjVLSk8vamQ5OGhpelZDay8zZ2lrYkhhd2QKaHhrRGh3S0NBUUJYZ1IycUNRQXhucTl3NEk2b2M2WTZ6WnROMGtlNzEzeW10OG5aQ2pwazlUeXJnWjNPNHd5TgpTMFh6VmJHY2hXYW5RTzNSaTN2NEZyQk1OdnBzWC8wQkhkK0g3MkRobVAxWlgxWTBpVXhXalhKc21WY0VHSWo3CkZFczgrVm1Eb25KQ0dsWENtdE9mb0hyTVBhK1FPejFIUDExL1dTUGhxTHZWZFlkRkNBbFZNbDNZeUNvSmpxZysKdXducHVsb01Ld3hnT2w0M0RTQ0QwYUdPSkZ5cThESGdZLy8rYkNlaG9UeWQ1VGl5R0N2dENSTjMwNHpDWGtzQQpKY0hGR045UzQyS2V0aDVOK0ViL3lhTFBGRk9aV1Q1VnYyWmtmaUdCV0tBRTFSK25DYmlTTVd0RlB6VHBUcllnCnhFWnJLREZpb0hQVm4rQXp6SUFtMkU2di9CNHNFQjVOQW9JQkFRRGladGg0Zm13Y2ptczJtcmdsUVVhZzF3YmwKejlDQXFzN3hEVHRXYTZ0SEJRZHJPdXB1QlpOWFl5LytYajJaeGNSLzJmRDdvOEdLSmxZS0d5bXROUWphT3J2agpubGhXMkkyR0RYU3VsL3Q0UUxCTkNEWGJ1RzZRZERab1VtL0p0aTNEbUg5S3JsKzZFRlJNS2x2ZTJFRW9xT3QvCmdHVSs1anV5WFY3K25aZFpOYzVuQ2NKOWJGV0Rma3JoV0EwTjliZm05dUlzUDV6d2JoQk5LbW0xRi9QNStGT0oKb05OSTF3YjRUZjhBZEgxVkRnQWZFYWJKSitUYzNtaDZ0RXUvU24rWFlCYWVzNVEwQURTQjdOSDR5UjUwbkdFeQpEL3dsWjdaNkVrbElVTnlXNmpKT2tEVkkyY29GOUY1U0Joa2xLaXNXc28xL0lIc0pRbWpmaW9tamEwd3cKLS0tLS1FTkQgUlNBIFBSSVZBVEUgS0VZLS0tLS0K",
      "type": "string",
      "sensitive": true
    },
    "cluster_host": {
      "value": "https://aks-web1-qdxiiprx.hcp.northeurope.azmk8s.io:443",
      "type": "string",
      "sensitive": true
    },
    "keyvault_uri": {
      "value": "https://kv-web2b1.vault.azure.net/",
      "type": "string"
    },
    "kube_config": {
      "value": "apiVersion: v1\nclusters:\n- cluster:\n    certificate-authority-data: LS0tLS1CRUdJTiBDRVJUSUZJQ0FURS0tLS0tCk1JSUU2RENDQXRDZ0F3SUJBZ0lRUHF6NVdQbC9tMk5sU3pxNkFDSDdXekFOQmdrcWhraUc5dzBCQVFzRkFEQU4KTVFzd0NRWURWUVFERXdKallUQWdGdzB5TkRBNU1UQXhNVEF6TWpOYUdBOHlNRFUwTURreE1ERXhNVE15TTFvdwpEVEVMTUFrR0ExVUVBeE1DWTJFd2dnSWlNQTBHQ1NxR1NJYjNEUUVCQVFVQUE0SUNEd0F3Z2dJS0FvSUNBUURQCkRVMEpjREtLUFNOTVNqQjgzUThoemsycVQ1WjB0eDg0bUVEbzBKUWVCTk5wU0J6d3A4Q1F3NGc5T0xXQU82Wm8KVTJUNlNHNWF1ekJ1U0xFSGNQQ09rZTR4Z2xlYU84MkRyazUyN0h5WEljdWNwOWltU0hROXBscmgvejZiZVdUdwpMcXJNOVRPODA5RnM2T0o1SWVGdmF6VjExRzVhcTlDdVkrUkpRQVlsc2VkNUpjRWNsVkJwTUpub00yUkxYQ3JlCmRNY0U0UU1CckVNVDVPQ0RlNXRMVThvOGtnUUJXY1ZWYTNNKzBUM1BwV0JVNEpncjlsR3VKMklBT2U1QXlPbFQKMVlMWmNoK0ptZm5xSkJBTjlhN05xdzlQRVJVK0MvZk1HTzJRc3NQdFpGN1JETk9UU0c3UlN4ck1QNkF2VE1XTAp3Tjdod01kZENNeVFBMmZicmhtRHlsTktkU244ajRvcDBVaUxEaWt3bnNuZWtQUm9MM3ZqaEdZYkc0ZllTeVJJCnA0UUZZb1VqbTVENGR5Q2J6N0JrYmNValpsNlRHdk5VeC94Y0M3MnRGMEYvVzl6ckRyV3pJRWZJbDFIaTdsZ3EKSVIybm92dW5XTWx6THdDTXZHNWFPdXZKMTkzMEJ1czJQblptWUJidEFZWHNMMURPUmJGazB2dHJTRWM0SU5mWQpZeEVrRCtpanFzU1p4MUpXWlIyWFJEY2ZqSDR3dnYwNGxiVDJjVkVoaTRaRDJXenFXUVoyU0ZxSE5XS3cwakNRCmlWMDZHd0psTnFXZzBNSVhzTVlVL21nWVMxRi82MCtiaWkvMXRCZG5OQUJVZkNRNVd1VC96Z2JsUTkzYjdnM2sKMnJEc2RWR1Z6QlhXUG9sZmJoSDdtMTcwS29tNU1mQzJmelFMS1VyUWZ3SURBUUFCbzBJd1FEQU9CZ05WSFE4QgpBZjhFQkFNQ0FxUXdEd1lEVlIwVEFRSC9CQVV3QXdFQi96QWRCZ05WSFE0RUZnUVVUR2hDT2xrMEdpNldPZisyCkVxSkVWcm5jTnpBd0RRWUpLb1pJaHZjTkFRRUxCUUFEZ2dJQkFHdWNXNFF4aksrcTJxRW1hOWtsZXhsZlMrNTQKTFBjWENTeGtYV0o4VnczZTB0V2NKMXEyM29FeXFkYkhDZWtjTVNHVUgvQ3M5QmRueWpLejJsRXB0OUwzOWgxMgpWcHlGamwxWVNNWWl5VzdRQnhxTHBkdStYK0J5cW5FN1BjSWs0Q2RlRHhlUTJZb0NPeUF5TXhKeG9tK0I2VmNvCmpCdHRBUFRsUDlnc242bTZLOTZJN1NDbWZuUzFBbkR2YnBzVDhuVktCT2YxQXZsMklzdmlpYlU5TXRITHovZVEKUUdyS29PYkVMNjRHOWlWamZnTkt3eDdtWXY2dGtod29VZDh4dERzL0lRcFdCcjJaNkFXbCtuRXYvMzNXVXU1cgpOaFpwYTNVS0tkS09hQ21jQ0Q2aEV2OG9QVlFhQlZTZ0llcXpwSW90Y3JaRFdhSVdXRDZ5a2htdVY4U0ZTT2ZRClRBc1BMNEJTUWY3bHFWemZQUU9UU21Uam9PTW9Cd1VUbVR6QUtReHE4SFdRVnRBaW51UlU5eE9rd014L0l4K0cKVWVOZVZaTlI0L3pXdkUvek5BQkhZV2hQS3JwNXFFVXM2dzNoNU9Oa1B0M2ZEVWN6d3VWdXF0b0ZneFg5MVVRcwp1ci9xQTJHSXZhQnNPUkJYTHFEdmFKckFMbUNlak52V2VWU0d6NE9ZZjRUekVJMGlrZkVKMkltNE5aem9DeFpECkF0d0RKTVp0OVR4RldWUkF2M2hnV0ppTjFEVFlKWHRnRWN5a01Bc254TDg0ZkhNUjMyTTRtenMzV0wxSFlIREMKV21qbEM5YWlRZWdkNDdzWm5BUnBXdFFRT3lueW1jVHJUd3ZkSm9TS2VTblg0YXdTb0t0dEs3TXFQaDNTZUpXWApKZ3pIb0FOaDAxdm5RcUdECi0tLS0tRU5EIENFUlRJRklDQVRFLS0tLS0K\n    server: https://aks-web1-qdxiiprx.hcp.northeurope.azmk8s.io:443\n  name: aks-web\ncontexts:\n- context:\n    cluster: aks-web\n    user: clusterUser_Ilan-Candidate_aks-web\n  name: aks-web\ncurrent-context: aks-web\nkind: Config\npreferences: {}\nusers:\n- name: clusterUser_Ilan-Candidate_aks-web\n  user:\n    client-certificate-data: LS0tLS1CRUdJTiBDRVJUSUZJQ0FURS0tLS0tCk1JSUZIVENDQXdXZ0F3SUJBZ0lRVmg5bzdkcEZXSzNtWElaclR5anZ1VEFOQmdrcWhraUc5dzBCQVFzRkFEQU4KTVFzd0NRWURWUVFERXdKallUQWVGdzB5TkRBNU1UQXhNVEF6TWpOYUZ3MHlOakE1TVRBeE1URXpNak5hTURBeApGekFWQmdOVkJBb1REbk41YzNSbGJUcHRZWE4wWlhKek1SVXdFd1lEVlFRREV3eHRZWE4wWlhKamJHbGxiblF3CmdnSWlNQTBHQ1NxR1NJYjNEUUVCQVFVQUE0SUNEd0F3Z2dJS0FvSUNBUUMrU2FYTW44b0hpeGFSZXhtSEhSVGYKSGRuS3FRclRPaWlPTjBlVFRNWnpadStkSkZsUDYzWFhFdTUybFpFWUxLbnNoYWo2NllVQmxLcklvU0xja3FLVgpuaWdDVU91enBTcWdxeGFCRTV4Wm9NNDNLUytmMERsUWVVMndvaTQ0eGR5RTJzQUVlelkzTTZzUHVTOElNdWw2CmFFWXNyQVNNQ3F1bTRWdzQvYUM3d1VHdnZzV2ZXQ2NSeFpHN2QwcUVWSWJJdDdhdGU3bTd4eldTYVFGYW1pUk4Kcm9JWFlMMCthb2s4Um10UlBTWFFJZW83ano1NGhKdVNTb1JFQ2NpZjNRTENvL3R0K21PWG1RK3R6Q2RGK1hWTwpZRVlWQUlhK1kyaGY4eS9XMmFpVUduMXBoSXd1VVFSWVlaRFRPbFU1RklhMGpnM3hjTUc3N0VIVjlGemV5bHdHCkRHdjBYZzNVeTBWRzVkSVkxckRMbFcrdTU0L2g5cGZBajBIT2NsRDRYUmRGOFl5NmVrcjVwWklwdnhoNm5GdHoKc0xGS20ycWpxUkVuLzI0dVZ1NlJHbnczSno1cXptU0QzSmNJR292dGV0UzA2bmxmb0tTMkJlMVlLZFJZOVRwZgo1dlFvK1ZQdmtNRnNVMHRKaElJbktrTWpWRlJsOEk1bG5oQldvcjYwd1VCYlRpOGZpcURSQk1ERGFrUk5rTE5XCnMxZXlxYTZiMStVcVV4M2kyV2lSdHlUNEk5YW5LSzljY25lYWpkU2tseFJwdTlrNmIvRlExR2E1Y1ZKbGdBQWwKU3BzWldHM2U2RnJ2QVRtRG5KSnNJb3JibFdIdUZ5NUowcUpRMG5lUTVPYXpQV3lqUDdaUmUwank1MTFxR0RuVgowTHM3YkltU0Vad2VFV01XMXBOM3pRSURBUUFCbzFZd1ZEQU9CZ05WSFE4QkFmOEVCQU1DQmFBd0V3WURWUjBsCkJBd3dDZ1lJS3dZQkJRVUhBd0l3REFZRFZSMFRBUUgvQkFJd0FEQWZCZ05WSFNNRUdEQVdnQlJNYUVJNldUUWEKTHBZNS83WVNva1JXdWR3M01EQU5CZ2txaGtpRzl3MEJBUXNGQUFPQ0FnRUFMUS9PVndwbXQ2b1pyU2tocXQ4ZwpmNHE1bzIzMitMMkYzNXk0WW9BQ0xRYy9Yc1g4Q1BWQVkyL2RsYWV2dTNIQXVDMHN3Wnp5c2ZTbTJsam00eVNrCjJIeVI0VEFmWEV2RHF6MGtqTkRWcFM4UHN4Z2h3MWhDZVIvU1drclRhVk4rSjdHSkplNUFIdnN1SWhXLzJtY3oKQ1Q0dzlMVlJ5WmxPMFlFUmR1U2luQ1gvQjF2UEVOTWJtS2pqa0t2bWVVMUlkSEgzZE5iM0l4dENJSUZVWUZuSQp6M3FIMFlna2RPUzRRcWlyZWFLeTcrd21uQnJNdnJuY1h1Qm40dnpWczNDU1V0RHlGekpUT2FnQURlRFJVUklKCkNSRHRETjd2VFF3SVh3eXhMM2IvV3kwYkRiWG53U1ZZdVJ0ejJJV2F0YzJhQ1dQRFRwTkx1KzhaRlhBMDNGRFkKdkg4K004QkRVRTNLcmFKS2hYeFp4MmFkaUpIM25ET3Z6R3hGSm5seXc4YXNWTWcrRFIzSi9rRmI3UDkzbTJySgp6dFp2anN6Z0FTbnFZRUtuczA5SHZ5OStXN2VBRC9NcmRWWmhnb1pCY2p5eDlDYW91b203aE1EWUtyNkVrOXZGCm5MVk9qMnF5MjFleDRRclNEUFlsN0FTVW02bldZRWlJRVlWYjBoSWJGanFrOHNhcmlaLzdST2lFdnhrc2tqWnIKL3VSNEVTUXpQUENUeGw1N2tMd3FuMXpkdmxWMkJxYmdrZXMvVDh5RzdIK1Y2b3I0MkdoQVEvbi9hbWhlOWg0NQpuMW9lMHdpbVMwUld2QlBDMzB5SHIrMnV3bUM0a1hKWHVUR3BTUDJ6b3Q2eFdmd3lkenBiZDgwb3NTN1ZPYTZ0CnQwU2ZWS29aSG5Xbng5dThzc0JtMXYwPQotLS0tLUVORCBDRVJUSUZJQ0FURS0tLS0tCg==\n    client-key-data: LS0tLS1CRUdJTiBSU0EgUFJJVkFURSBLRVktLS0tLQpNSUlKS1FJQkFBS0NBZ0VBdmttbHpKL0tCNHNXa1hzWmh4MFUzeDNaeXFrSzB6b29qamRIazB6R2MyYnZuU1JaClQrdDExeEx1ZHBXUkdDeXA3SVdvK3VtRkFaU3F5S0VpM0pLaWxaNG9BbERyczZVcW9Lc1dnUk9jV2FET055a3YKbjlBNVVIbE5zS0l1T01YY2hOckFCSHMyTnpPckQ3a3ZDRExwZW1oR0xLd0VqQXFycHVGY09QMmd1OEZCcjc3RgpuMWduRWNXUnUzZEtoRlNHeUxlMnJYdTV1OGMxa21rQldwb2tUYTZDRjJDOVBtcUpQRVpyVVQwbDBDSHFPNDgrCmVJU2Jra3FFUkFuSW45MEN3cVA3YmZwamw1a1ByY3duUmZsMVRtQkdGUUNHdm1Ob1gvTXYxdG1vbEJwOWFZU00KTGxFRVdHR1EwenBWT1JTR3RJNE44WERCdSt4QjFmUmMzc3BjQmd4cjlGNE4xTXRGUnVYU0dOYXd5NVZ2cnVlUAo0ZmFYd0k5QnpuSlErRjBYUmZHTXVucEsrYVdTS2I4WWVweGJjN0N4U3B0cW82a1JKLzl1TGxidWtScDhOeWMrCmFzNWtnOXlYQ0JxTDdYclV0T3A1WDZDa3RnWHRXQ25VV1BVNlgrYjBLUGxUNzVEQmJGTkxTWVNDSnlwREkxUlUKWmZDT1paNFFWcUsrdE1GQVcwNHZINHFnMFFUQXcycEVUWkN6VnJOWHNxbXVtOWZsS2xNZDR0bG9rYmNrK0NQVwpweWl2WEhKM21vM1VwSmNVYWJ2Wk9tL3hVTlJtdVhGU1pZQUFKVXFiR1ZodDN1aGE3d0U1ZzV5U2JDS0syNVZoCjdoY3VTZEtpVU5KM2tPVG1zejFzb3orMlVYdEk4dWRkYWhnNTFkQzdPMnlKa2hHY0hoRmpGdGFUZDgwQ0F3RUEKQVFLQ0FnQktyYXliK2JuWDdBWVhZakJLam1jNmlRU0lQSDg3Rm9BRUVEM08yVHFvMzZUNkR1SGVNNUl6cmdKWQpGNnF4eWhXRjlZNnpxaUhBMVErUlhXdkpGT01weEwvKzZMTVg5YUlkSEFmZzhFbFVBMy9xdGdjeXVRMUZQOVgxCmxEQi9wMmM3M0gydlJJdXFibVNiN3hrK0puenF4VEdGSnAxQ09JM1ZHR3lSRVRpYmR1VElqQjRTd3czU002OVYKMnlNcmUrREp0US9FVmVJMmg1L0dyZDhTSjV4SHdFemR6K0YxTldwV2RXeDRuWDdSaC8zZEVnSjZXZENVUVJwWAplVjk3SGNtUGlidUxGZEV3RmFuSmsyMTJVTWh3MGVldkpsMjdLbGcwRDhTZWxSMUx3bm1saDVkY05mOTJrQk8rClVnNVFNSFlOTmhMU3htWEIwcDZqMFJzQmRIbFlWN0JiQTVvYVgwNjRzcThPQVBOTHdENUxDU05ETW5tb2ZubUIKdVIycWtlOGgrRlRTV250VGN4VlpFbGRpOEJMcHFJSS80Yjd5c2hvOWticlVXVmg1VElTSFlvT0lUYUo3QmcrdQpiZ2tnRE10ZUFHN0pUSzQ2WnBWbDlObkFsajN0VkszSVNENHBYZG5SZHJuRER6NDFRbVQyNkxSazgwK2I0MkZDCmRvMEw1c0dId0JiMkpXeU52ZWpoQVVGU3RTMGMyQVNjOTNRNXpLOWdhdlNITDlqNWpXVjVRWmo3ZTFsUzAySWsKMldZbkROcTM3ekVUemFHNVpiNVppUll4SzAzOTE4cTBGTmVZNEljVjREdE5ldXo3UGRxcEo3VHhzZkJiRDJjZgpiZzNsaWVEMlBCTnMzN2NKZlZrWnB6akdsQ2dNTlh6ZE9FRUcyQlBzODlTYlF2YVNJUUtDQVFFQStzWE0zUTlPCmVWNG42a216dU5MTmtlNmE4dVl5Sml0M3F4Ly8waDk3c3gzcWUwK1lXZGpHbUFDOTAxU0NtSW4zL3B3dTFzUmQKeWVzQm1rU2tpRWg4U0w1bDcrM01hQ0xrUlFWY3B2SGhzYStwb3hYVXdGQ0tvR3Ixc0lTcHc3b3RvelBGWXU4QQpaWXg5UVovKzRlajlDUExmY05HLzN0YUhxTWZuTmRNS0owQytVMWVIRWp4TlB3Ym5DRzBLRWpGMnJHU2VnUDVQCnIvdFNDYzQ0Ri9qTk9BelBHd1hDQy82dTdOUDMvS3lMYkpEdnRsaTgxTjdwWkg4anc0ZjczV0Eya1ErZy9CajYKNm9qRVc2TndqemhwNTJKTU5RV3o1TE5ycVRVZ2dJamFXdWtnMnNLRmN5UXAvSmZQU254UHdvT1l1VUNna1V3SwpoTlg4RGt1S2tSZjZtd0tDQVFFQXdrRVV3SkNvOFlzbTdtV1hYSERiVjBCUEMxK1hPMlNjYXhSWkpuTTQwM0ZRCjRIa1F4bWxOUkJxOGdaNVZHcHpwaStjQUxYTXdINFNYTDg3eE0yaUE1eHBpWXBwVE9GMFdqSTI1SzR0QktBYVoKUzQrMzFMVStZU0hBa2YrYTk5MmtnTXRVQUJNUDJ2MnVBakI5Ukl2bTF1dUdQYkhQb3lhaXhBVzZ3UmRIQjcvdApPanpsKzZ1WEJIeFIrRHVOelFWbC9PYnRCWSszdVB0UDNNOXlWaGtlcG5DUE5HM2VUUG5MR0trTUhlZ25UMGlWCnRtd244TEg4V0MycDFIM3kwVGI1R1N2TXhRRVErcmRFeFd6WnZSQTJoSVA3UDBFajZhNUJ4dnh5Nm9ZZ21xVysKRE9QV0dwRHlxS0VrNGpYRW0zcUQweVlEcklSVG4weW02VnRtSW0ycHR3S0NBUUVBcjZVQm84aEh6OHg2S3FpcQp3QWF1dzhzYkxveTdqVzZlcC9hR3lWY1IzbGhTMTBIZDFQaDN5Um1qMjdSeXNJTGFkN1JQUGxCVjNNckUyWmZBCm9sQWE5UnllNjVsa3RYL1M0T0VyanljV1RNMWNCUVdTZVkwd084SVBDaTh4ZFEwZlVCTS82dGE2TVdaZ2lTbVcKYmdjeHpDWEpDUTF3MVpUdmVmRmlhWm5DbjlIQ1BUK3VOTUNWM2xKb1djZDk2VlpKNTkrbUFYV2V2UVZMNWVCUgorOEJoaFNPN29CSzlZb2RsWUMzcm9VZjljL0prWkJUdFZqQTN5eE1lS3FOQmIwSW5saDBiUmRmOVQyNnlFZmw5CkttTjZFZjRRb0lhNUJMUUM4WVpybUh2Q2JUQ2l1WGJMMytUeG42RjVLSk8vamQ5OGhpelZDay8zZ2lrYkhhd2QKaHhrRGh3S0NBUUJYZ1IycUNRQXhucTl3NEk2b2M2WTZ6WnROMGtlNzEzeW10OG5aQ2pwazlUeXJnWjNPNHd5TgpTMFh6VmJHY2hXYW5RTzNSaTN2NEZyQk1OdnBzWC8wQkhkK0g3MkRobVAxWlgxWTBpVXhXalhKc21WY0VHSWo3CkZFczgrVm1Eb25KQ0dsWENtdE9mb0hyTVBhK1FPejFIUDExL1dTUGhxTHZWZFlkRkNBbFZNbDNZeUNvSmpxZysKdXducHVsb01Ld3hnT2w0M0RTQ0QwYUdPSkZ5cThESGdZLy8rYkNlaG9UeWQ1VGl5R0N2dENSTjMwNHpDWGtzQQpKY0hGR045UzQyS2V0aDVOK0ViL3lhTFBGRk9aV1Q1VnYyWmtmaUdCV0tBRTFSK25DYmlTTVd0RlB6VHBUcllnCnhFWnJLREZpb0hQVm4rQXp6SUFtMkU2di9CNHNFQjVOQW9JQkFRRGladGg0Zm13Y2ptczJtcmdsUVVhZzF3YmwKejlDQXFzN3hEVHRXYTZ0SEJRZHJPdXB1QlpOWFl5LytYajJaeGNSLzJmRDdvOEdLSmxZS0d5bXROUWphT3J2agpubGhXMkkyR0RYU3VsL3Q0UUxCTkNEWGJ1RzZRZERab1VtL0p0aTNEbUg5S3JsKzZFRlJNS2x2ZTJFRW9xT3QvCmdHVSs1anV5WFY3K25aZFpOYzVuQ2NKOWJGV0Rma3JoV0EwTjliZm05dUlzUDV6d2JoQk5LbW0xRi9QNStGT0oKb05OSTF3YjRUZjhBZEgxVkRnQWZFYWJKSitUYzNtaDZ0RXUvU24rWFlCYWVzNVEwQURTQjdOSDR5UjUwbkdFeQpEL3dsWjdaNkVrbElVTnlXNmpKT2tEVkkyY29GOUY1U0Joa2xLaXNXc28xL0lIc0pRbWpmaW9tamEwd3cKLS0tLS1FTkQgUlNBIFBSSVZBVEUgS0VZLS0tLS0K\n    token: u5wvyd044ogojlnkfla3oz8d3975uqlzs34seh94quzq3jh841aa171d0i6gxqidja3mtry634lttkymcy95inw5ablibjq8lmu7eygjjqd4kbg8oc23irgb63563yyk\n",
      "type": "string",
      "sensitive": true
    },
    "tenant_id": {
      "value": "bd4f0481-b137-40f1-9e64-20cfd55fbf49",
      "type": "string"
    }
  },
  "resources": [
    {
      "mode": "data",
      "type": "azurerm_client_config",
      "name": "current",
      "provider": "provider[\"registry.terraform.io/hashicorp/azurerm\"]",
      "instances": [
        {
          "schema_version": 0,
          "attributes": {
            "client_id": "04b07795-8ddb-461a-bbee-02f9e1bf7b46",
            "id": "Y2xpZW50Q29uZmlncy9jbGllbnRJZD0wNGIwNzc5NS04ZGRiLTQ2MWEtYmJlZS0wMmY5ZTFiZjdiNDY7b2JqZWN0SWQ9NzFiNDU1NDEtZmY1Ni00ZTNkLTkwZDctZmM4MTc5ZDJlM2RlO3N1YnNjcmlwdGlvbklkPTI3YzgzODEzLTkxNmUtNDlmYS04ZDJhLWQzNTMzMmZjOGNhNDt0ZW5hbnRJZD1iZDRmMDQ4MS1iMTM3LTQwZjEtOWU2NC0yMGNmZDU1ZmJmNDk=",
            "object_id": "71b45541-ff56-4e3d-90d7-fc8179d2e3de",
            "subscription_id": "27c83813-916e-49fa-8d2a-d35332fc8ca4",
            "tenant_id": "bd4f0481-b137-40f1-9e64-20cfd55fbf49",
            "timeouts": null
          },
          "sensitive_attributes": []
        }
      ]
    },
    {
      "mode": "managed",
      "type": "azurerm_container_registry",
      "name": "acr_web",
      "provider": "provider[\"registry.terraform.io/hashicorp/azurerm\"]",
      "instances": [
        {
          "schema_version": 2,
          "attributes": {
            "admin_enabled": false,
            "admin_password": "",
            "admin_username": "",
            "anonymous_pull_enabled": false,
            "data_endpoint_enabled": false,
            "encryption": [
              {
                "enabled": false,
                "identity_client_id": "",
                "key_vault_key_id": ""
              }
            ],
            "export_policy_enabled": true,
            "georeplications": [],
            "id": "/subscriptions/27c83813-916e-49fa-8d2a-d35332fc8ca4/resourceGroups/Ilan-Candidate/providers/Microsoft.ContainerRegistry/registries/acrweb2b",
            "identity": [],
            "location": "westeurope",
            "login_server": "acrweb2b.azurecr.io",
            "name": "acrweb2b",
            "network_rule_bypass_option": "AzureServices",
            "network_rule_set": [
              {
                "default_action": "Allow",
                "ip_rule": [],
                "virtual_network": []
              }
            ],
            "public_network_access_enabled": true,
            "quarantine_policy_enabled": false,
            "resource_group_name": "Ilan-Candidate",
            "retention_policy": [
              {
                "days": 7,
                "enabled": false
              }
            ],
            "sku": "Premium",
            "tags": {},
            "timeouts": null,
            "trust_policy": [
              {
                "enabled": false
              }
            ],
            "zone_redundancy_enabled": false
          },
          "sensitive_attributes": [
            [
              {
                "type": "get_attr",
                "value": "admin_password"
              }
            ]
          ],
          "private": "eyJlMmJmYjczMC1lY2FhLTExZTYtOGY4OC0zNDM2M2JjN2M0YzAiOnsiY3JlYXRlIjoxODAwMDAwMDAwMDAwLCJkZWxldGUiOjE4MDAwMDAwMDAwMDAsInJlYWQiOjMwMDAwMDAwMDAwMCwidXBkYXRlIjoxODAwMDAwMDAwMDAwfSwic2NoZW1hX3ZlcnNpb24iOiIyIn0="
        }
      ]
    },
    {
      "mode": "managed",
      "type": "azurerm_dns_a_record",
      "name": "record",
      "provider": "provider[\"registry.terraform.io/hashicorp/azurerm\"]",
      "instances": [
        {
          "schema_version": 1,
          "attributes": {
            "fqdn": "jenkins.devopstask.store.",
            "id": "/subscriptions/27c83813-916e-49fa-8d2a-d35332fc8ca4/resourceGroups/Ilan-Candidate/providers/Microsoft.Network/dnsZones/devopstask.store/A/jenkins",
            "name": "jenkins",
            "records": [
              "4.180.171.203"
            ],
            "resource_group_name": "Ilan-Candidate",
            "tags": {},
            "target_resource_id": "",
            "timeouts": null,
            "ttl": 600,
            "zone_name": "devopstask.store"
          },
          "sensitive_attributes": [],
          "private": "eyJlMmJmYjczMC1lY2FhLTExZTYtOGY4OC0zNDM2M2JjN2M0YzAiOnsiY3JlYXRlIjoxODAwMDAwMDAwMDAwLCJkZWxldGUiOjE4MDAwMDAwMDAwMDAsInJlYWQiOjMwMDAwMDAwMDAwMCwidXBkYXRlIjoxODAwMDAwMDAwMDAwfSwic2NoZW1hX3ZlcnNpb24iOiIxIn0=",
          "dependencies": [
            "azurerm_dns_zone.zone",
            "azurerm_public_ip.cicd_vm_ip"
          ]
        }
      ]
    },
    {
      "mode": "managed",
      "type": "azurerm_dns_zone",
      "name": "zone",
      "provider": "provider[\"registry.terraform.io/hashicorp/azurerm\"]",
      "instances": [
        {
          "schema_version": 2,
          "attributes": {
            "id": "/subscriptions/27c83813-916e-49fa-8d2a-d35332fc8ca4/resourceGroups/Ilan-Candidate/providers/Microsoft.Network/dnsZones/devopstask.store",
            "max_number_of_record_sets": 10000,
            "name": "devopstask.store",
            "name_servers": [
              "ns1-06.azure-dns.com.",
              "ns2-06.azure-dns.net.",
              "ns3-06.azure-dns.org.",
              "ns4-06.azure-dns.info."
            ],
            "number_of_record_sets": 3,
            "resource_group_name": "Ilan-Candidate",
            "soa_record": [
              {
                "email": "azuredns-hostmaster.microsoft.com",
                "expire_time": 2419200,
                "fqdn": "devopstask.store.",
                "host_name": "ns1-06.azure-dns.com.",
                "minimum_ttl": 300,
                "refresh_time": 3600,
                "retry_time": 300,
                "serial_number": 1,
                "tags": {},
                "ttl": 3600
              }
            ],
            "tags": {},
            "timeouts": null
          },
          "sensitive_attributes": [],
          "private": "eyJlMmJmYjczMC1lY2FhLTExZTYtOGY4OC0zNDM2M2JjN2M0YzAiOnsiY3JlYXRlIjoxODAwMDAwMDAwMDAwLCJkZWxldGUiOjE4MDAwMDAwMDAwMDAsInJlYWQiOjMwMDAwMDAwMDAwMCwidXBkYXRlIjoxODAwMDAwMDAwMDAwfSwic2NoZW1hX3ZlcnNpb24iOiIyIn0="
        }
      ]
    },
    {
      "mode": "managed",
      "type": "azurerm_federated_identity_credential",
      "name": "workload_identity_credentials",
      "provider": "provider[\"registry.terraform.io/hashicorp/azurerm\"]",
      "instances": [
        {
          "schema_version": 0,
          "attributes": {
            "audience": [
              "api://AzureADTokenExchange"
            ],
            "id": "/subscriptions/27c83813-916e-49fa-8d2a-d35332fc8ca4/resourceGroups/Ilan-Candidate/providers/Microsoft.ManagedIdentity/userAssignedIdentities/aks-workload-identity/federatedIdentityCredentials/workload-identity-credentials",
            "issuer": "https://northeurope.oic.prod-aks.azure.com/bd4f0481-b137-40f1-9e64-20cfd55fbf49/226fe0cc-4d8f-4c0c-ab0a-d72b30760b45/",
            "name": "workload-identity-credentials",
            "parent_id": "/subscriptions/27c83813-916e-49fa-8d2a-d35332fc8ca4/resourceGroups/Ilan-Candidate/providers/Microsoft.ManagedIdentity/userAssignedIdentities/aks-workload-identity",
            "resource_group_name": "Ilan-Candidate",
            "subject": "system:serviceaccount:default:workload-identity",
            "timeouts": null
          },
          "sensitive_attributes": [],
          "private": "eyJlMmJmYjczMC1lY2FhLTExZTYtOGY4OC0zNDM2M2JjN2M0YzAiOnsiY3JlYXRlIjoxODAwMDAwMDAwMDAwLCJkZWxldGUiOjE4MDAwMDAwMDAwMDAsInJlYWQiOjMwMDAwMDAwMDAwMCwidXBkYXRlIjoxODAwMDAwMDAwMDAwfX0=",
          "dependencies": [
            "azurerm_kubernetes_cluster.aks_web",
            "azurerm_user_assigned_identity.aks_workload_identity"
          ]
        }
      ]
    },
    {
      "mode": "managed",
      "type": "azurerm_key_vault",
      "name": "kv_web2b1",
      "provider": "provider[\"registry.terraform.io/hashicorp/azurerm\"]",
      "instances": [
        {
          "schema_version": 2,
          "attributes": {
            "access_policy": [
              {
                "application_id": "",
                "certificate_permissions": [],
                "key_permissions": [
                  "Backup",
                  "Create",
                  "Decrypt",
                  "Delete",
                  "Encrypt",
                  "Get",
                  "Import",
                  "List",
                  "Purge",
                  "Recover",
                  "Restore",
                  "Sign",
                  "UnwrapKey",
                  "Update",
                  "Verify",
                  "WrapKey"
                ],
                "object_id": "71b45541-ff56-4e3d-90d7-fc8179d2e3de",
                "secret_permissions": [
                  "Backup",
                  "Delete",
                  "Get",
                  "List",
                  "Purge",
                  "Recover",
                  "Restore",
                  "Set"
                ],
                "storage_permissions": [],
                "tenant_id": "bd4f0481-b137-40f1-9e64-20cfd55fbf49"
              }
            ],
            "contact": [],
            "enable_rbac_authorization": false,
            "enabled_for_deployment": false,
            "enabled_for_disk_encryption": false,
            "enabled_for_template_deployment": false,
            "id": "/subscriptions/27c83813-916e-49fa-8d2a-d35332fc8ca4/resourceGroups/Ilan-Candidate/providers/Microsoft.KeyVault/vaults/kv-web2b1",
            "location": "westeurope",
            "name": "kv-web2b1",
            "network_acls": [
              {
                "bypass": "AzureServices",
                "default_action": "Allow",
                "ip_rules": [],
                "virtual_network_subnet_ids": []
              }
            ],
            "public_network_access_enabled": true,
            "purge_protection_enabled": false,
            "resource_group_name": "Ilan-Candidate",
            "sku_name": "standard",
            "soft_delete_retention_days": 7,
            "tags": {},
            "tenant_id": "bd4f0481-b137-40f1-9e64-20cfd55fbf49",
            "timeouts": null,
            "vault_uri": "https://kv-web2b1.vault.azure.net/"
          },
          "sensitive_attributes": [],
          "private": "eyJlMmJmYjczMC1lY2FhLTExZTYtOGY4OC0zNDM2M2JjN2M0YzAiOnsiY3JlYXRlIjoxODAwMDAwMDAwMDAwLCJkZWxldGUiOjE4MDAwMDAwMDAwMDAsInJlYWQiOjMwMDAwMDAwMDAwMCwidXBkYXRlIjoxODAwMDAwMDAwMDAwfSwic2NoZW1hX3ZlcnNpb24iOiIyIn0=",
          "dependencies": [
            "data.azurerm_client_config.current"
          ]
        }
      ]
    },
    {
      "mode": "managed",
      "type": "azurerm_key_vault_access_policy",
      "name": "terraform_policy",
      "provider": "provider[\"registry.terraform.io/hashicorp/azurerm\"]",
      "instances": [
        {
          "schema_version": 0,
          "attributes": {
            "application_id": "",
            "certificate_permissions": [],
            "id": "/subscriptions/27c83813-916e-49fa-8d2a-d35332fc8ca4/resourceGroups/Ilan-Candidate/providers/Microsoft.KeyVault/vaults/kv-web2b1/objectId/71b45541-ff56-4e3d-90d7-fc8179d2e3de",
            "key_permissions": [
              "Backup",
              "Create",
              "Decrypt",
              "Delete",
              "Encrypt",
              "Get",
              "Import",
              "List",
              "Purge",
              "Recover",
              "Restore",
              "Sign",
              "UnwrapKey",
              "Update",
              "Verify",
              "WrapKey"
            ],
            "key_vault_id": "/subscriptions/27c83813-916e-49fa-8d2a-d35332fc8ca4/resourceGroups/Ilan-Candidate/providers/Microsoft.KeyVault/vaults/kv-web2b1",
            "object_id": "71b45541-ff56-4e3d-90d7-fc8179d2e3de",
            "secret_permissions": [
              "Backup",
              "Delete",
              "Get",
              "List",
              "Purge",
              "Recover",
              "Restore",
              "Set"
            ],
            "storage_permissions": [],
            "tenant_id": "bd4f0481-b137-40f1-9e64-20cfd55fbf49",
            "timeouts": null
          },
          "sensitive_attributes": [],
          "private": "eyJlMmJmYjczMC1lY2FhLTExZTYtOGY4OC0zNDM2M2JjN2M0YzAiOnsiY3JlYXRlIjoxODAwMDAwMDAwMDAwLCJkZWxldGUiOjE4MDAwMDAwMDAwMDAsInJlYWQiOjMwMDAwMDAwMDAwMCwidXBkYXRlIjoxODAwMDAwMDAwMDAwfX0=",
          "dependencies": [
            "azurerm_key_vault.kv_web2b1",
            "data.azurerm_client_config.current"
          ]
        }
      ]
    },
    {
      "mode": "managed",
      "type": "azurerm_key_vault_secret",
      "name": "my-secret",
      "provider": "provider[\"registry.terraform.io/hashicorp/azurerm\"]",
      "instances": [
        {
          "schema_version": 0,
          "attributes": {
            "content_type": "",
            "expiration_date": null,
            "id": "https://kv-web2b1.vault.azure.net/secrets/my-secret/d90d7e3adf6e45d5b0680dd359298600",
            "key_vault_id": "/subscriptions/27c83813-916e-49fa-8d2a-d35332fc8ca4/resourceGroups/Ilan-Candidate/providers/Microsoft.KeyVault/vaults/kv-web2b1",
            "name": "my-secret",
            "not_before_date": null,
            "resource_id": "/subscriptions/27c83813-916e-49fa-8d2a-d35332fc8ca4/resourceGroups/Ilan-Candidate/providers/Microsoft.KeyVault/vaults/kv-web2b1/secrets/my-secret/versions/d90d7e3adf6e45d5b0680dd359298600",
            "resource_versionless_id": "/subscriptions/27c83813-916e-49fa-8d2a-d35332fc8ca4/resourceGroups/Ilan-Candidate/providers/Microsoft.KeyVault/vaults/kv-web2b1/secrets/my-secret",
            "tags": {},
            "timeouts": null,
            "value": "super-secret",
            "version": "d90d7e3adf6e45d5b0680dd359298600",
            "versionless_id": "https://kv-web2b1.vault.azure.net/secrets/my-secret"
          },
          "sensitive_attributes": [
            [
              {
                "type": "get_attr",
                "value": "value"
              }
            ]
          ],
          "private": "eyJlMmJmYjczMC1lY2FhLTExZTYtOGY4OC0zNDM2M2JjN2M0YzAiOnsiY3JlYXRlIjoxODAwMDAwMDAwMDAwLCJkZWxldGUiOjE4MDAwMDAwMDAwMDAsInJlYWQiOjE4MDAwMDAwMDAwMDAsInVwZGF0ZSI6MTgwMDAwMDAwMDAwMH19",
          "dependencies": [
            "azurerm_key_vault.kv_web2b1",
            "azurerm_key_vault_access_policy.terraform_policy",
            "data.azurerm_client_config.current"
          ]
        }
      ]
    },
    {
      "mode": "managed",
      "type": "azurerm_key_vault_secret",
      "name": "vm_pwd",
      "provider": "provider[\"registry.terraform.io/hashicorp/azurerm\"]",
      "instances": [
        {
          "schema_version": 0,
          "attributes": {
            "content_type": "",
            "expiration_date": null,
            "id": "https://kv-web2b1.vault.azure.net/secrets/vm-password/b2081eb0f4db4d32ab2c03bcb4a01c97",
            "key_vault_id": "/subscriptions/27c83813-916e-49fa-8d2a-d35332fc8ca4/resourceGroups/Ilan-Candidate/providers/Microsoft.KeyVault/vaults/kv-web2b1",
            "name": "vm-password",
            "not_before_date": null,
            "resource_id": "/subscriptions/27c83813-916e-49fa-8d2a-d35332fc8ca4/resourceGroups/Ilan-Candidate/providers/Microsoft.KeyVault/vaults/kv-web2b1/secrets/vm-password/versions/b2081eb0f4db4d32ab2c03bcb4a01c97",
            "resource_versionless_id": "/subscriptions/27c83813-916e-49fa-8d2a-d35332fc8ca4/resourceGroups/Ilan-Candidate/providers/Microsoft.KeyVault/vaults/kv-web2b1/secrets/vm-password",
            "tags": {},
            "timeouts": null,
            "value": "r46aVS#As$Lq",
            "version": "b2081eb0f4db4d32ab2c03bcb4a01c97",
            "versionless_id": "https://kv-web2b1.vault.azure.net/secrets/vm-password"
          },
          "sensitive_attributes": [
            [
              {
                "type": "get_attr",
                "value": "value"
              }
            ]
          ],
          "private": "eyJlMmJmYjczMC1lY2FhLTExZTYtOGY4OC0zNDM2M2JjN2M0YzAiOnsiY3JlYXRlIjoxODAwMDAwMDAwMDAwLCJkZWxldGUiOjE4MDAwMDAwMDAwMDAsInJlYWQiOjE4MDAwMDAwMDAwMDAsInVwZGF0ZSI6MTgwMDAwMDAwMDAwMH19",
          "dependencies": [
            "azurerm_key_vault.kv_web2b1",
            "data.azurerm_client_config.current",
            "random_password.vmgenpassword"
          ]
        }
      ]
    },
    {
      "mode": "managed",
      "type": "azurerm_kubernetes_cluster",
      "name": "aks_web",
      "provider": "provider[\"registry.terraform.io/hashicorp/azurerm\"]",
      "instances": [
        {
          "schema_version": 2,
          "attributes": {
            "aci_connector_linux": [],
            "api_server_access_profile": [],
            "api_server_authorized_ip_ranges": [],
            "auto_scaler_profile": [],
            "automatic_channel_upgrade": "",
            "azure_active_directory_role_based_access_control": [],
            "azure_policy_enabled": false,
            "confidential_computing": [],
            "cost_analysis_enabled": false,
            "current_kubernetes_version": "1.29.7",
            "custom_ca_trust_certificates_base64": [],
            "default_node_pool": [
              {
                "capacity_reservation_group_id": "",
                "custom_ca_trust_enabled": false,
                "enable_auto_scaling": false,
                "enable_host_encryption": false,
                "enable_node_public_ip": false,
                "fips_enabled": false,
                "gpu_instance": "",
                "host_group_id": "",
                "kubelet_config": [],
                "kubelet_disk_type": "OS",
                "linux_os_config": [],
                "max_count": 0,
                "max_pods": 110,
                "message_of_the_day": "",
                "min_count": 0,
                "name": "default",
                "node_count": 1,
                "node_labels": {},
                "node_network_profile": [],
                "node_public_ip_prefix_id": "",
                "node_taints": [],
                "only_critical_addons_enabled": false,
                "orchestrator_version": "1.29",
                "os_disk_size_gb": 128,
                "os_disk_type": "Managed",
                "os_sku": "Ubuntu",
                "pod_subnet_id": "",
                "proximity_placement_group_id": "",
                "scale_down_mode": "Delete",
                "snapshot_id": "",
                "tags": {},
                "temporary_name_for_rotation": "",
                "type": "VirtualMachineScaleSets",
                "ultra_ssd_enabled": false,
                "upgrade_settings": [
                  {
                    "drain_timeout_in_minutes": 0,
                    "max_surge": "10%",
                    "node_soak_duration_in_minutes": 0
                  }
                ],
                "vm_size": "Standard_D2_v2",
                "vnet_subnet_id": "",
                "workload_runtime": "",
                "zones": []
              }
            ],
            "disk_encryption_set_id": "",
            "dns_prefix": "aks-web1",
            "dns_prefix_private_cluster": "",
            "edge_zone": "",
            "enable_pod_security_policy": false,
            "fqdn": "aks-web1-qdxiiprx.hcp.northeurope.azmk8s.io",
            "http_application_routing_enabled": false,
            "http_application_routing_zone_name": "",
            "http_proxy_config": [],
            "id": "/subscriptions/27c83813-916e-49fa-8d2a-d35332fc8ca4/resourceGroups/Ilan-Candidate/providers/Microsoft.ContainerService/managedClusters/aks-web",
            "identity": [
              {
                "identity_ids": [],
                "principal_id": "283116f1-2b7b-4f61-93d9-02fe428f0b54",
                "tenant_id": "bd4f0481-b137-40f1-9e64-20cfd55fbf49",
                "type": "SystemAssigned"
              }
            ],
            "image_cleaner_enabled": false,
            "image_cleaner_interval_hours": 48,
            "ingress_application_gateway": [],
            "key_management_service": [],
            "key_vault_secrets_provider": [
              {
                "secret_identity": [
                  {
                    "client_id": "e161d563-89af-42ed-ad02-9caac1cb585b",
                    "object_id": "620194bd-b901-40f6-80ee-29629043a42f",
                    "user_assigned_identity_id": "/subscriptions/27c83813-916e-49fa-8d2a-d35332fc8ca4/resourcegroups/MC_Ilan-Candidate_aks-web_northeurope/providers/Microsoft.ManagedIdentity/userAssignedIdentities/azurekeyvaultsecretsprovider-aks-web"
                  }
                ],
                "secret_rotation_enabled": true,
                "secret_rotation_interval": "2m"
              }
            ],
            "kube_admin_config": [],
            "kube_admin_config_raw": "",
            "kube_config": [
              {
                "client_certificate": "LS0tLS1CRUdJTiBDRVJUSUZJQ0FURS0tLS0tCk1JSUZIVENDQXdXZ0F3SUJBZ0lRVmg5bzdkcEZXSzNtWElaclR5anZ1VEFOQmdrcWhraUc5dzBCQVFzRkFEQU4KTVFzd0NRWURWUVFERXdKallUQWVGdzB5TkRBNU1UQXhNVEF6TWpOYUZ3MHlOakE1TVRBeE1URXpNak5hTURBeApGekFWQmdOVkJBb1REbk41YzNSbGJUcHRZWE4wWlhKek1SVXdFd1lEVlFRREV3eHRZWE4wWlhKamJHbGxiblF3CmdnSWlNQTBHQ1NxR1NJYjNEUUVCQVFVQUE0SUNEd0F3Z2dJS0FvSUNBUUMrU2FYTW44b0hpeGFSZXhtSEhSVGYKSGRuS3FRclRPaWlPTjBlVFRNWnpadStkSkZsUDYzWFhFdTUybFpFWUxLbnNoYWo2NllVQmxLcklvU0xja3FLVgpuaWdDVU91enBTcWdxeGFCRTV4Wm9NNDNLUytmMERsUWVVMndvaTQ0eGR5RTJzQUVlelkzTTZzUHVTOElNdWw2CmFFWXNyQVNNQ3F1bTRWdzQvYUM3d1VHdnZzV2ZXQ2NSeFpHN2QwcUVWSWJJdDdhdGU3bTd4eldTYVFGYW1pUk4Kcm9JWFlMMCthb2s4Um10UlBTWFFJZW83ano1NGhKdVNTb1JFQ2NpZjNRTENvL3R0K21PWG1RK3R6Q2RGK1hWTwpZRVlWQUlhK1kyaGY4eS9XMmFpVUduMXBoSXd1VVFSWVlaRFRPbFU1RklhMGpnM3hjTUc3N0VIVjlGemV5bHdHCkRHdjBYZzNVeTBWRzVkSVkxckRMbFcrdTU0L2g5cGZBajBIT2NsRDRYUmRGOFl5NmVrcjVwWklwdnhoNm5GdHoKc0xGS20ycWpxUkVuLzI0dVZ1NlJHbnczSno1cXptU0QzSmNJR292dGV0UzA2bmxmb0tTMkJlMVlLZFJZOVRwZgo1dlFvK1ZQdmtNRnNVMHRKaElJbktrTWpWRlJsOEk1bG5oQldvcjYwd1VCYlRpOGZpcURSQk1ERGFrUk5rTE5XCnMxZXlxYTZiMStVcVV4M2kyV2lSdHlUNEk5YW5LSzljY25lYWpkU2tseFJwdTlrNmIvRlExR2E1Y1ZKbGdBQWwKU3BzWldHM2U2RnJ2QVRtRG5KSnNJb3JibFdIdUZ5NUowcUpRMG5lUTVPYXpQV3lqUDdaUmUwank1MTFxR0RuVgowTHM3YkltU0Vad2VFV01XMXBOM3pRSURBUUFCbzFZd1ZEQU9CZ05WSFE4QkFmOEVCQU1DQmFBd0V3WURWUjBsCkJBd3dDZ1lJS3dZQkJRVUhBd0l3REFZRFZSMFRBUUgvQkFJd0FEQWZCZ05WSFNNRUdEQVdnQlJNYUVJNldUUWEKTHBZNS83WVNva1JXdWR3M01EQU5CZ2txaGtpRzl3MEJBUXNGQUFPQ0FnRUFMUS9PVndwbXQ2b1pyU2tocXQ4ZwpmNHE1bzIzMitMMkYzNXk0WW9BQ0xRYy9Yc1g4Q1BWQVkyL2RsYWV2dTNIQXVDMHN3Wnp5c2ZTbTJsam00eVNrCjJIeVI0VEFmWEV2RHF6MGtqTkRWcFM4UHN4Z2h3MWhDZVIvU1drclRhVk4rSjdHSkplNUFIdnN1SWhXLzJtY3oKQ1Q0dzlMVlJ5WmxPMFlFUmR1U2luQ1gvQjF2UEVOTWJtS2pqa0t2bWVVMUlkSEgzZE5iM0l4dENJSUZVWUZuSQp6M3FIMFlna2RPUzRRcWlyZWFLeTcrd21uQnJNdnJuY1h1Qm40dnpWczNDU1V0RHlGekpUT2FnQURlRFJVUklKCkNSRHRETjd2VFF3SVh3eXhMM2IvV3kwYkRiWG53U1ZZdVJ0ejJJV2F0YzJhQ1dQRFRwTkx1KzhaRlhBMDNGRFkKdkg4K004QkRVRTNLcmFKS2hYeFp4MmFkaUpIM25ET3Z6R3hGSm5seXc4YXNWTWcrRFIzSi9rRmI3UDkzbTJySgp6dFp2anN6Z0FTbnFZRUtuczA5SHZ5OStXN2VBRC9NcmRWWmhnb1pCY2p5eDlDYW91b203aE1EWUtyNkVrOXZGCm5MVk9qMnF5MjFleDRRclNEUFlsN0FTVW02bldZRWlJRVlWYjBoSWJGanFrOHNhcmlaLzdST2lFdnhrc2tqWnIKL3VSNEVTUXpQUENUeGw1N2tMd3FuMXpkdmxWMkJxYmdrZXMvVDh5RzdIK1Y2b3I0MkdoQVEvbi9hbWhlOWg0NQpuMW9lMHdpbVMwUld2QlBDMzB5SHIrMnV3bUM0a1hKWHVUR3BTUDJ6b3Q2eFdmd3lkenBiZDgwb3NTN1ZPYTZ0CnQwU2ZWS29aSG5Xbng5dThzc0JtMXYwPQotLS0tLUVORCBDRVJUSUZJQ0FURS0tLS0tCg==",
                "client_key": "LS0tLS1CRUdJTiBSU0EgUFJJVkFURSBLRVktLS0tLQpNSUlKS1FJQkFBS0NBZ0VBdmttbHpKL0tCNHNXa1hzWmh4MFUzeDNaeXFrSzB6b29qamRIazB6R2MyYnZuU1JaClQrdDExeEx1ZHBXUkdDeXA3SVdvK3VtRkFaU3F5S0VpM0pLaWxaNG9BbERyczZVcW9Lc1dnUk9jV2FET055a3YKbjlBNVVIbE5zS0l1T01YY2hOckFCSHMyTnpPckQ3a3ZDRExwZW1oR0xLd0VqQXFycHVGY09QMmd1OEZCcjc3RgpuMWduRWNXUnUzZEtoRlNHeUxlMnJYdTV1OGMxa21rQldwb2tUYTZDRjJDOVBtcUpQRVpyVVQwbDBDSHFPNDgrCmVJU2Jra3FFUkFuSW45MEN3cVA3YmZwamw1a1ByY3duUmZsMVRtQkdGUUNHdm1Ob1gvTXYxdG1vbEJwOWFZU00KTGxFRVdHR1EwenBWT1JTR3RJNE44WERCdSt4QjFmUmMzc3BjQmd4cjlGNE4xTXRGUnVYU0dOYXd5NVZ2cnVlUAo0ZmFYd0k5QnpuSlErRjBYUmZHTXVucEsrYVdTS2I4WWVweGJjN0N4U3B0cW82a1JKLzl1TGxidWtScDhOeWMrCmFzNWtnOXlYQ0JxTDdYclV0T3A1WDZDa3RnWHRXQ25VV1BVNlgrYjBLUGxUNzVEQmJGTkxTWVNDSnlwREkxUlUKWmZDT1paNFFWcUsrdE1GQVcwNHZINHFnMFFUQXcycEVUWkN6VnJOWHNxbXVtOWZsS2xNZDR0bG9rYmNrK0NQVwpweWl2WEhKM21vM1VwSmNVYWJ2Wk9tL3hVTlJtdVhGU1pZQUFKVXFiR1ZodDN1aGE3d0U1ZzV5U2JDS0syNVZoCjdoY3VTZEtpVU5KM2tPVG1zejFzb3orMlVYdEk4dWRkYWhnNTFkQzdPMnlKa2hHY0hoRmpGdGFUZDgwQ0F3RUEKQVFLQ0FnQktyYXliK2JuWDdBWVhZakJLam1jNmlRU0lQSDg3Rm9BRUVEM08yVHFvMzZUNkR1SGVNNUl6cmdKWQpGNnF4eWhXRjlZNnpxaUhBMVErUlhXdkpGT01weEwvKzZMTVg5YUlkSEFmZzhFbFVBMy9xdGdjeXVRMUZQOVgxCmxEQi9wMmM3M0gydlJJdXFibVNiN3hrK0puenF4VEdGSnAxQ09JM1ZHR3lSRVRpYmR1VElqQjRTd3czU002OVYKMnlNcmUrREp0US9FVmVJMmg1L0dyZDhTSjV4SHdFemR6K0YxTldwV2RXeDRuWDdSaC8zZEVnSjZXZENVUVJwWAplVjk3SGNtUGlidUxGZEV3RmFuSmsyMTJVTWh3MGVldkpsMjdLbGcwRDhTZWxSMUx3bm1saDVkY05mOTJrQk8rClVnNVFNSFlOTmhMU3htWEIwcDZqMFJzQmRIbFlWN0JiQTVvYVgwNjRzcThPQVBOTHdENUxDU05ETW5tb2ZubUIKdVIycWtlOGgrRlRTV250VGN4VlpFbGRpOEJMcHFJSS80Yjd5c2hvOWticlVXVmg1VElTSFlvT0lUYUo3QmcrdQpiZ2tnRE10ZUFHN0pUSzQ2WnBWbDlObkFsajN0VkszSVNENHBYZG5SZHJuRER6NDFRbVQyNkxSazgwK2I0MkZDCmRvMEw1c0dId0JiMkpXeU52ZWpoQVVGU3RTMGMyQVNjOTNRNXpLOWdhdlNITDlqNWpXVjVRWmo3ZTFsUzAySWsKMldZbkROcTM3ekVUemFHNVpiNVppUll4SzAzOTE4cTBGTmVZNEljVjREdE5ldXo3UGRxcEo3VHhzZkJiRDJjZgpiZzNsaWVEMlBCTnMzN2NKZlZrWnB6akdsQ2dNTlh6ZE9FRUcyQlBzODlTYlF2YVNJUUtDQVFFQStzWE0zUTlPCmVWNG42a216dU5MTmtlNmE4dVl5Sml0M3F4Ly8waDk3c3gzcWUwK1lXZGpHbUFDOTAxU0NtSW4zL3B3dTFzUmQKeWVzQm1rU2tpRWg4U0w1bDcrM01hQ0xrUlFWY3B2SGhzYStwb3hYVXdGQ0tvR3Ixc0lTcHc3b3RvelBGWXU4QQpaWXg5UVovKzRlajlDUExmY05HLzN0YUhxTWZuTmRNS0owQytVMWVIRWp4TlB3Ym5DRzBLRWpGMnJHU2VnUDVQCnIvdFNDYzQ0Ri9qTk9BelBHd1hDQy82dTdOUDMvS3lMYkpEdnRsaTgxTjdwWkg4anc0ZjczV0Eya1ErZy9CajYKNm9qRVc2TndqemhwNTJKTU5RV3o1TE5ycVRVZ2dJamFXdWtnMnNLRmN5UXAvSmZQU254UHdvT1l1VUNna1V3SwpoTlg4RGt1S2tSZjZtd0tDQVFFQXdrRVV3SkNvOFlzbTdtV1hYSERiVjBCUEMxK1hPMlNjYXhSWkpuTTQwM0ZRCjRIa1F4bWxOUkJxOGdaNVZHcHpwaStjQUxYTXdINFNYTDg3eE0yaUE1eHBpWXBwVE9GMFdqSTI1SzR0QktBYVoKUzQrMzFMVStZU0hBa2YrYTk5MmtnTXRVQUJNUDJ2MnVBakI5Ukl2bTF1dUdQYkhQb3lhaXhBVzZ3UmRIQjcvdApPanpsKzZ1WEJIeFIrRHVOelFWbC9PYnRCWSszdVB0UDNNOXlWaGtlcG5DUE5HM2VUUG5MR0trTUhlZ25UMGlWCnRtd244TEg4V0MycDFIM3kwVGI1R1N2TXhRRVErcmRFeFd6WnZSQTJoSVA3UDBFajZhNUJ4dnh5Nm9ZZ21xVysKRE9QV0dwRHlxS0VrNGpYRW0zcUQweVlEcklSVG4weW02VnRtSW0ycHR3S0NBUUVBcjZVQm84aEh6OHg2S3FpcQp3QWF1dzhzYkxveTdqVzZlcC9hR3lWY1IzbGhTMTBIZDFQaDN5Um1qMjdSeXNJTGFkN1JQUGxCVjNNckUyWmZBCm9sQWE5UnllNjVsa3RYL1M0T0VyanljV1RNMWNCUVdTZVkwd084SVBDaTh4ZFEwZlVCTS82dGE2TVdaZ2lTbVcKYmdjeHpDWEpDUTF3MVpUdmVmRmlhWm5DbjlIQ1BUK3VOTUNWM2xKb1djZDk2VlpKNTkrbUFYV2V2UVZMNWVCUgorOEJoaFNPN29CSzlZb2RsWUMzcm9VZjljL0prWkJUdFZqQTN5eE1lS3FOQmIwSW5saDBiUmRmOVQyNnlFZmw5CkttTjZFZjRRb0lhNUJMUUM4WVpybUh2Q2JUQ2l1WGJMMytUeG42RjVLSk8vamQ5OGhpelZDay8zZ2lrYkhhd2QKaHhrRGh3S0NBUUJYZ1IycUNRQXhucTl3NEk2b2M2WTZ6WnROMGtlNzEzeW10OG5aQ2pwazlUeXJnWjNPNHd5TgpTMFh6VmJHY2hXYW5RTzNSaTN2NEZyQk1OdnBzWC8wQkhkK0g3MkRobVAxWlgxWTBpVXhXalhKc21WY0VHSWo3CkZFczgrVm1Eb25KQ0dsWENtdE9mb0hyTVBhK1FPejFIUDExL1dTUGhxTHZWZFlkRkNBbFZNbDNZeUNvSmpxZysKdXducHVsb01Ld3hnT2w0M0RTQ0QwYUdPSkZ5cThESGdZLy8rYkNlaG9UeWQ1VGl5R0N2dENSTjMwNHpDWGtzQQpKY0hGR045UzQyS2V0aDVOK0ViL3lhTFBGRk9aV1Q1VnYyWmtmaUdCV0tBRTFSK25DYmlTTVd0RlB6VHBUcllnCnhFWnJLREZpb0hQVm4rQXp6SUFtMkU2di9CNHNFQjVOQW9JQkFRRGladGg0Zm13Y2ptczJtcmdsUVVhZzF3YmwKejlDQXFzN3hEVHRXYTZ0SEJRZHJPdXB1QlpOWFl5LytYajJaeGNSLzJmRDdvOEdLSmxZS0d5bXROUWphT3J2agpubGhXMkkyR0RYU3VsL3Q0UUxCTkNEWGJ1RzZRZERab1VtL0p0aTNEbUg5S3JsKzZFRlJNS2x2ZTJFRW9xT3QvCmdHVSs1anV5WFY3K25aZFpOYzVuQ2NKOWJGV0Rma3JoV0EwTjliZm05dUlzUDV6d2JoQk5LbW0xRi9QNStGT0oKb05OSTF3YjRUZjhBZEgxVkRnQWZFYWJKSitUYzNtaDZ0RXUvU24rWFlCYWVzNVEwQURTQjdOSDR5UjUwbkdFeQpEL3dsWjdaNkVrbElVTnlXNmpKT2tEVkkyY29GOUY1U0Joa2xLaXNXc28xL0lIc0pRbWpmaW9tamEwd3cKLS0tLS1FTkQgUlNBIFBSSVZBVEUgS0VZLS0tLS0K",
                "cluster_ca_certificate": "LS0tLS1CRUdJTiBDRVJUSUZJQ0FURS0tLS0tCk1JSUU2RENDQXRDZ0F3SUJBZ0lRUHF6NVdQbC9tMk5sU3pxNkFDSDdXekFOQmdrcWhraUc5dzBCQVFzRkFEQU4KTVFzd0NRWURWUVFERXdKallUQWdGdzB5TkRBNU1UQXhNVEF6TWpOYUdBOHlNRFUwTURreE1ERXhNVE15TTFvdwpEVEVMTUFrR0ExVUVBeE1DWTJFd2dnSWlNQTBHQ1NxR1NJYjNEUUVCQVFVQUE0SUNEd0F3Z2dJS0FvSUNBUURQCkRVMEpjREtLUFNOTVNqQjgzUThoemsycVQ1WjB0eDg0bUVEbzBKUWVCTk5wU0J6d3A4Q1F3NGc5T0xXQU82Wm8KVTJUNlNHNWF1ekJ1U0xFSGNQQ09rZTR4Z2xlYU84MkRyazUyN0h5WEljdWNwOWltU0hROXBscmgvejZiZVdUdwpMcXJNOVRPODA5RnM2T0o1SWVGdmF6VjExRzVhcTlDdVkrUkpRQVlsc2VkNUpjRWNsVkJwTUpub00yUkxYQ3JlCmRNY0U0UU1CckVNVDVPQ0RlNXRMVThvOGtnUUJXY1ZWYTNNKzBUM1BwV0JVNEpncjlsR3VKMklBT2U1QXlPbFQKMVlMWmNoK0ptZm5xSkJBTjlhN05xdzlQRVJVK0MvZk1HTzJRc3NQdFpGN1JETk9UU0c3UlN4ck1QNkF2VE1XTAp3Tjdod01kZENNeVFBMmZicmhtRHlsTktkU244ajRvcDBVaUxEaWt3bnNuZWtQUm9MM3ZqaEdZYkc0ZllTeVJJCnA0UUZZb1VqbTVENGR5Q2J6N0JrYmNValpsNlRHdk5VeC94Y0M3MnRGMEYvVzl6ckRyV3pJRWZJbDFIaTdsZ3EKSVIybm92dW5XTWx6THdDTXZHNWFPdXZKMTkzMEJ1czJQblptWUJidEFZWHNMMURPUmJGazB2dHJTRWM0SU5mWQpZeEVrRCtpanFzU1p4MUpXWlIyWFJEY2ZqSDR3dnYwNGxiVDJjVkVoaTRaRDJXenFXUVoyU0ZxSE5XS3cwakNRCmlWMDZHd0psTnFXZzBNSVhzTVlVL21nWVMxRi82MCtiaWkvMXRCZG5OQUJVZkNRNVd1VC96Z2JsUTkzYjdnM2sKMnJEc2RWR1Z6QlhXUG9sZmJoSDdtMTcwS29tNU1mQzJmelFMS1VyUWZ3SURBUUFCbzBJd1FEQU9CZ05WSFE4QgpBZjhFQkFNQ0FxUXdEd1lEVlIwVEFRSC9CQVV3QXdFQi96QWRCZ05WSFE0RUZnUVVUR2hDT2xrMEdpNldPZisyCkVxSkVWcm5jTnpBd0RRWUpLb1pJaHZjTkFRRUxCUUFEZ2dJQkFHdWNXNFF4aksrcTJxRW1hOWtsZXhsZlMrNTQKTFBjWENTeGtYV0o4VnczZTB0V2NKMXEyM29FeXFkYkhDZWtjTVNHVUgvQ3M5QmRueWpLejJsRXB0OUwzOWgxMgpWcHlGamwxWVNNWWl5VzdRQnhxTHBkdStYK0J5cW5FN1BjSWs0Q2RlRHhlUTJZb0NPeUF5TXhKeG9tK0I2VmNvCmpCdHRBUFRsUDlnc242bTZLOTZJN1NDbWZuUzFBbkR2YnBzVDhuVktCT2YxQXZsMklzdmlpYlU5TXRITHovZVEKUUdyS29PYkVMNjRHOWlWamZnTkt3eDdtWXY2dGtod29VZDh4dERzL0lRcFdCcjJaNkFXbCtuRXYvMzNXVXU1cgpOaFpwYTNVS0tkS09hQ21jQ0Q2aEV2OG9QVlFhQlZTZ0llcXpwSW90Y3JaRFdhSVdXRDZ5a2htdVY4U0ZTT2ZRClRBc1BMNEJTUWY3bHFWemZQUU9UU21Uam9PTW9Cd1VUbVR6QUtReHE4SFdRVnRBaW51UlU5eE9rd014L0l4K0cKVWVOZVZaTlI0L3pXdkUvek5BQkhZV2hQS3JwNXFFVXM2dzNoNU9Oa1B0M2ZEVWN6d3VWdXF0b0ZneFg5MVVRcwp1ci9xQTJHSXZhQnNPUkJYTHFEdmFKckFMbUNlak52V2VWU0d6NE9ZZjRUekVJMGlrZkVKMkltNE5aem9DeFpECkF0d0RKTVp0OVR4RldWUkF2M2hnV0ppTjFEVFlKWHRnRWN5a01Bc254TDg0ZkhNUjMyTTRtenMzV0wxSFlIREMKV21qbEM5YWlRZWdkNDdzWm5BUnBXdFFRT3lueW1jVHJUd3ZkSm9TS2VTblg0YXdTb0t0dEs3TXFQaDNTZUpXWApKZ3pIb0FOaDAxdm5RcUdECi0tLS0tRU5EIENFUlRJRklDQVRFLS0tLS0K",
                "host": "https://aks-web1-qdxiiprx.hcp.northeurope.azmk8s.io:443",
                "password": "u5wvyd044ogojlnkfla3oz8d3975uqlzs34seh94quzq3jh841aa171d0i6gxqidja3mtry634lttkymcy95inw5ablibjq8lmu7eygjjqd4kbg8oc23irgb63563yyk",
                "username": "clusterUser_Ilan-Candidate_aks-web"
              }
            ],
            "kube_config_raw": "apiVersion: v1\nclusters:\n- cluster:\n    certificate-authority-data: LS0tLS1CRUdJTiBDRVJUSUZJQ0FURS0tLS0tCk1JSUU2RENDQXRDZ0F3SUJBZ0lRUHF6NVdQbC9tMk5sU3pxNkFDSDdXekFOQmdrcWhraUc5dzBCQVFzRkFEQU4KTVFzd0NRWURWUVFERXdKallUQWdGdzB5TkRBNU1UQXhNVEF6TWpOYUdBOHlNRFUwTURreE1ERXhNVE15TTFvdwpEVEVMTUFrR0ExVUVBeE1DWTJFd2dnSWlNQTBHQ1NxR1NJYjNEUUVCQVFVQUE0SUNEd0F3Z2dJS0FvSUNBUURQCkRVMEpjREtLUFNOTVNqQjgzUThoemsycVQ1WjB0eDg0bUVEbzBKUWVCTk5wU0J6d3A4Q1F3NGc5T0xXQU82Wm8KVTJUNlNHNWF1ekJ1U0xFSGNQQ09rZTR4Z2xlYU84MkRyazUyN0h5WEljdWNwOWltU0hROXBscmgvejZiZVdUdwpMcXJNOVRPODA5RnM2T0o1SWVGdmF6VjExRzVhcTlDdVkrUkpRQVlsc2VkNUpjRWNsVkJwTUpub00yUkxYQ3JlCmRNY0U0UU1CckVNVDVPQ0RlNXRMVThvOGtnUUJXY1ZWYTNNKzBUM1BwV0JVNEpncjlsR3VKMklBT2U1QXlPbFQKMVlMWmNoK0ptZm5xSkJBTjlhN05xdzlQRVJVK0MvZk1HTzJRc3NQdFpGN1JETk9UU0c3UlN4ck1QNkF2VE1XTAp3Tjdod01kZENNeVFBMmZicmhtRHlsTktkU244ajRvcDBVaUxEaWt3bnNuZWtQUm9MM3ZqaEdZYkc0ZllTeVJJCnA0UUZZb1VqbTVENGR5Q2J6N0JrYmNValpsNlRHdk5VeC94Y0M3MnRGMEYvVzl6ckRyV3pJRWZJbDFIaTdsZ3EKSVIybm92dW5XTWx6THdDTXZHNWFPdXZKMTkzMEJ1czJQblptWUJidEFZWHNMMURPUmJGazB2dHJTRWM0SU5mWQpZeEVrRCtpanFzU1p4MUpXWlIyWFJEY2ZqSDR3dnYwNGxiVDJjVkVoaTRaRDJXenFXUVoyU0ZxSE5XS3cwakNRCmlWMDZHd0psTnFXZzBNSVhzTVlVL21nWVMxRi82MCtiaWkvMXRCZG5OQUJVZkNRNVd1VC96Z2JsUTkzYjdnM2sKMnJEc2RWR1Z6QlhXUG9sZmJoSDdtMTcwS29tNU1mQzJmelFMS1VyUWZ3SURBUUFCbzBJd1FEQU9CZ05WSFE4QgpBZjhFQkFNQ0FxUXdEd1lEVlIwVEFRSC9CQVV3QXdFQi96QWRCZ05WSFE0RUZnUVVUR2hDT2xrMEdpNldPZisyCkVxSkVWcm5jTnpBd0RRWUpLb1pJaHZjTkFRRUxCUUFEZ2dJQkFHdWNXNFF4aksrcTJxRW1hOWtsZXhsZlMrNTQKTFBjWENTeGtYV0o4VnczZTB0V2NKMXEyM29FeXFkYkhDZWtjTVNHVUgvQ3M5QmRueWpLejJsRXB0OUwzOWgxMgpWcHlGamwxWVNNWWl5VzdRQnhxTHBkdStYK0J5cW5FN1BjSWs0Q2RlRHhlUTJZb0NPeUF5TXhKeG9tK0I2VmNvCmpCdHRBUFRsUDlnc242bTZLOTZJN1NDbWZuUzFBbkR2YnBzVDhuVktCT2YxQXZsMklzdmlpYlU5TXRITHovZVEKUUdyS29PYkVMNjRHOWlWamZnTkt3eDdtWXY2dGtod29VZDh4dERzL0lRcFdCcjJaNkFXbCtuRXYvMzNXVXU1cgpOaFpwYTNVS0tkS09hQ21jQ0Q2aEV2OG9QVlFhQlZTZ0llcXpwSW90Y3JaRFdhSVdXRDZ5a2htdVY4U0ZTT2ZRClRBc1BMNEJTUWY3bHFWemZQUU9UU21Uam9PTW9Cd1VUbVR6QUtReHE4SFdRVnRBaW51UlU5eE9rd014L0l4K0cKVWVOZVZaTlI0L3pXdkUvek5BQkhZV2hQS3JwNXFFVXM2dzNoNU9Oa1B0M2ZEVWN6d3VWdXF0b0ZneFg5MVVRcwp1ci9xQTJHSXZhQnNPUkJYTHFEdmFKckFMbUNlak52V2VWU0d6NE9ZZjRUekVJMGlrZkVKMkltNE5aem9DeFpECkF0d0RKTVp0OVR4RldWUkF2M2hnV0ppTjFEVFlKWHRnRWN5a01Bc254TDg0ZkhNUjMyTTRtenMzV0wxSFlIREMKV21qbEM5YWlRZWdkNDdzWm5BUnBXdFFRT3lueW1jVHJUd3ZkSm9TS2VTblg0YXdTb0t0dEs3TXFQaDNTZUpXWApKZ3pIb0FOaDAxdm5RcUdECi0tLS0tRU5EIENFUlRJRklDQVRFLS0tLS0K\n    server: https://aks-web1-qdxiiprx.hcp.northeurope.azmk8s.io:443\n  name: aks-web\ncontexts:\n- context:\n    cluster: aks-web\n    user: clusterUser_Ilan-Candidate_aks-web\n  name: aks-web\ncurrent-context: aks-web\nkind: Config\npreferences: {}\nusers:\n- name: clusterUser_Ilan-Candidate_aks-web\n  user:\n    client-certificate-data: LS0tLS1CRUdJTiBDRVJUSUZJQ0FURS0tLS0tCk1JSUZIVENDQXdXZ0F3SUJBZ0lRVmg5bzdkcEZXSzNtWElaclR5anZ1VEFOQmdrcWhraUc5dzBCQVFzRkFEQU4KTVFzd0NRWURWUVFERXdKallUQWVGdzB5TkRBNU1UQXhNVEF6TWpOYUZ3MHlOakE1TVRBeE1URXpNak5hTURBeApGekFWQmdOVkJBb1REbk41YzNSbGJUcHRZWE4wWlhKek1SVXdFd1lEVlFRREV3eHRZWE4wWlhKamJHbGxiblF3CmdnSWlNQTBHQ1NxR1NJYjNEUUVCQVFVQUE0SUNEd0F3Z2dJS0FvSUNBUUMrU2FYTW44b0hpeGFSZXhtSEhSVGYKSGRuS3FRclRPaWlPTjBlVFRNWnpadStkSkZsUDYzWFhFdTUybFpFWUxLbnNoYWo2NllVQmxLcklvU0xja3FLVgpuaWdDVU91enBTcWdxeGFCRTV4Wm9NNDNLUytmMERsUWVVMndvaTQ0eGR5RTJzQUVlelkzTTZzUHVTOElNdWw2CmFFWXNyQVNNQ3F1bTRWdzQvYUM3d1VHdnZzV2ZXQ2NSeFpHN2QwcUVWSWJJdDdhdGU3bTd4eldTYVFGYW1pUk4Kcm9JWFlMMCthb2s4Um10UlBTWFFJZW83ano1NGhKdVNTb1JFQ2NpZjNRTENvL3R0K21PWG1RK3R6Q2RGK1hWTwpZRVlWQUlhK1kyaGY4eS9XMmFpVUduMXBoSXd1VVFSWVlaRFRPbFU1RklhMGpnM3hjTUc3N0VIVjlGemV5bHdHCkRHdjBYZzNVeTBWRzVkSVkxckRMbFcrdTU0L2g5cGZBajBIT2NsRDRYUmRGOFl5NmVrcjVwWklwdnhoNm5GdHoKc0xGS20ycWpxUkVuLzI0dVZ1NlJHbnczSno1cXptU0QzSmNJR292dGV0UzA2bmxmb0tTMkJlMVlLZFJZOVRwZgo1dlFvK1ZQdmtNRnNVMHRKaElJbktrTWpWRlJsOEk1bG5oQldvcjYwd1VCYlRpOGZpcURSQk1ERGFrUk5rTE5XCnMxZXlxYTZiMStVcVV4M2kyV2lSdHlUNEk5YW5LSzljY25lYWpkU2tseFJwdTlrNmIvRlExR2E1Y1ZKbGdBQWwKU3BzWldHM2U2RnJ2QVRtRG5KSnNJb3JibFdIdUZ5NUowcUpRMG5lUTVPYXpQV3lqUDdaUmUwank1MTFxR0RuVgowTHM3YkltU0Vad2VFV01XMXBOM3pRSURBUUFCbzFZd1ZEQU9CZ05WSFE4QkFmOEVCQU1DQmFBd0V3WURWUjBsCkJBd3dDZ1lJS3dZQkJRVUhBd0l3REFZRFZSMFRBUUgvQkFJd0FEQWZCZ05WSFNNRUdEQVdnQlJNYUVJNldUUWEKTHBZNS83WVNva1JXdWR3M01EQU5CZ2txaGtpRzl3MEJBUXNGQUFPQ0FnRUFMUS9PVndwbXQ2b1pyU2tocXQ4ZwpmNHE1bzIzMitMMkYzNXk0WW9BQ0xRYy9Yc1g4Q1BWQVkyL2RsYWV2dTNIQXVDMHN3Wnp5c2ZTbTJsam00eVNrCjJIeVI0VEFmWEV2RHF6MGtqTkRWcFM4UHN4Z2h3MWhDZVIvU1drclRhVk4rSjdHSkplNUFIdnN1SWhXLzJtY3oKQ1Q0dzlMVlJ5WmxPMFlFUmR1U2luQ1gvQjF2UEVOTWJtS2pqa0t2bWVVMUlkSEgzZE5iM0l4dENJSUZVWUZuSQp6M3FIMFlna2RPUzRRcWlyZWFLeTcrd21uQnJNdnJuY1h1Qm40dnpWczNDU1V0RHlGekpUT2FnQURlRFJVUklKCkNSRHRETjd2VFF3SVh3eXhMM2IvV3kwYkRiWG53U1ZZdVJ0ejJJV2F0YzJhQ1dQRFRwTkx1KzhaRlhBMDNGRFkKdkg4K004QkRVRTNLcmFKS2hYeFp4MmFkaUpIM25ET3Z6R3hGSm5seXc4YXNWTWcrRFIzSi9rRmI3UDkzbTJySgp6dFp2anN6Z0FTbnFZRUtuczA5SHZ5OStXN2VBRC9NcmRWWmhnb1pCY2p5eDlDYW91b203aE1EWUtyNkVrOXZGCm5MVk9qMnF5MjFleDRRclNEUFlsN0FTVW02bldZRWlJRVlWYjBoSWJGanFrOHNhcmlaLzdST2lFdnhrc2tqWnIKL3VSNEVTUXpQUENUeGw1N2tMd3FuMXpkdmxWMkJxYmdrZXMvVDh5RzdIK1Y2b3I0MkdoQVEvbi9hbWhlOWg0NQpuMW9lMHdpbVMwUld2QlBDMzB5SHIrMnV3bUM0a1hKWHVUR3BTUDJ6b3Q2eFdmd3lkenBiZDgwb3NTN1ZPYTZ0CnQwU2ZWS29aSG5Xbng5dThzc0JtMXYwPQotLS0tLUVORCBDRVJUSUZJQ0FURS0tLS0tCg==\n    client-key-data: LS0tLS1CRUdJTiBSU0EgUFJJVkFURSBLRVktLS0tLQpNSUlKS1FJQkFBS0NBZ0VBdmttbHpKL0tCNHNXa1hzWmh4MFUzeDNaeXFrSzB6b29qamRIazB6R2MyYnZuU1JaClQrdDExeEx1ZHBXUkdDeXA3SVdvK3VtRkFaU3F5S0VpM0pLaWxaNG9BbERyczZVcW9Lc1dnUk9jV2FET055a3YKbjlBNVVIbE5zS0l1T01YY2hOckFCSHMyTnpPckQ3a3ZDRExwZW1oR0xLd0VqQXFycHVGY09QMmd1OEZCcjc3RgpuMWduRWNXUnUzZEtoRlNHeUxlMnJYdTV1OGMxa21rQldwb2tUYTZDRjJDOVBtcUpQRVpyVVQwbDBDSHFPNDgrCmVJU2Jra3FFUkFuSW45MEN3cVA3YmZwamw1a1ByY3duUmZsMVRtQkdGUUNHdm1Ob1gvTXYxdG1vbEJwOWFZU00KTGxFRVdHR1EwenBWT1JTR3RJNE44WERCdSt4QjFmUmMzc3BjQmd4cjlGNE4xTXRGUnVYU0dOYXd5NVZ2cnVlUAo0ZmFYd0k5QnpuSlErRjBYUmZHTXVucEsrYVdTS2I4WWVweGJjN0N4U3B0cW82a1JKLzl1TGxidWtScDhOeWMrCmFzNWtnOXlYQ0JxTDdYclV0T3A1WDZDa3RnWHRXQ25VV1BVNlgrYjBLUGxUNzVEQmJGTkxTWVNDSnlwREkxUlUKWmZDT1paNFFWcUsrdE1GQVcwNHZINHFnMFFUQXcycEVUWkN6VnJOWHNxbXVtOWZsS2xNZDR0bG9rYmNrK0NQVwpweWl2WEhKM21vM1VwSmNVYWJ2Wk9tL3hVTlJtdVhGU1pZQUFKVXFiR1ZodDN1aGE3d0U1ZzV5U2JDS0syNVZoCjdoY3VTZEtpVU5KM2tPVG1zejFzb3orMlVYdEk4dWRkYWhnNTFkQzdPMnlKa2hHY0hoRmpGdGFUZDgwQ0F3RUEKQVFLQ0FnQktyYXliK2JuWDdBWVhZakJLam1jNmlRU0lQSDg3Rm9BRUVEM08yVHFvMzZUNkR1SGVNNUl6cmdKWQpGNnF4eWhXRjlZNnpxaUhBMVErUlhXdkpGT01weEwvKzZMTVg5YUlkSEFmZzhFbFVBMy9xdGdjeXVRMUZQOVgxCmxEQi9wMmM3M0gydlJJdXFibVNiN3hrK0puenF4VEdGSnAxQ09JM1ZHR3lSRVRpYmR1VElqQjRTd3czU002OVYKMnlNcmUrREp0US9FVmVJMmg1L0dyZDhTSjV4SHdFemR6K0YxTldwV2RXeDRuWDdSaC8zZEVnSjZXZENVUVJwWAplVjk3SGNtUGlidUxGZEV3RmFuSmsyMTJVTWh3MGVldkpsMjdLbGcwRDhTZWxSMUx3bm1saDVkY05mOTJrQk8rClVnNVFNSFlOTmhMU3htWEIwcDZqMFJzQmRIbFlWN0JiQTVvYVgwNjRzcThPQVBOTHdENUxDU05ETW5tb2ZubUIKdVIycWtlOGgrRlRTV250VGN4VlpFbGRpOEJMcHFJSS80Yjd5c2hvOWticlVXVmg1VElTSFlvT0lUYUo3QmcrdQpiZ2tnRE10ZUFHN0pUSzQ2WnBWbDlObkFsajN0VkszSVNENHBYZG5SZHJuRER6NDFRbVQyNkxSazgwK2I0MkZDCmRvMEw1c0dId0JiMkpXeU52ZWpoQVVGU3RTMGMyQVNjOTNRNXpLOWdhdlNITDlqNWpXVjVRWmo3ZTFsUzAySWsKMldZbkROcTM3ekVUemFHNVpiNVppUll4SzAzOTE4cTBGTmVZNEljVjREdE5ldXo3UGRxcEo3VHhzZkJiRDJjZgpiZzNsaWVEMlBCTnMzN2NKZlZrWnB6akdsQ2dNTlh6ZE9FRUcyQlBzODlTYlF2YVNJUUtDQVFFQStzWE0zUTlPCmVWNG42a216dU5MTmtlNmE4dVl5Sml0M3F4Ly8waDk3c3gzcWUwK1lXZGpHbUFDOTAxU0NtSW4zL3B3dTFzUmQKeWVzQm1rU2tpRWg4U0w1bDcrM01hQ0xrUlFWY3B2SGhzYStwb3hYVXdGQ0tvR3Ixc0lTcHc3b3RvelBGWXU4QQpaWXg5UVovKzRlajlDUExmY05HLzN0YUhxTWZuTmRNS0owQytVMWVIRWp4TlB3Ym5DRzBLRWpGMnJHU2VnUDVQCnIvdFNDYzQ0Ri9qTk9BelBHd1hDQy82dTdOUDMvS3lMYkpEdnRsaTgxTjdwWkg4anc0ZjczV0Eya1ErZy9CajYKNm9qRVc2TndqemhwNTJKTU5RV3o1TE5ycVRVZ2dJamFXdWtnMnNLRmN5UXAvSmZQU254UHdvT1l1VUNna1V3SwpoTlg4RGt1S2tSZjZtd0tDQVFFQXdrRVV3SkNvOFlzbTdtV1hYSERiVjBCUEMxK1hPMlNjYXhSWkpuTTQwM0ZRCjRIa1F4bWxOUkJxOGdaNVZHcHpwaStjQUxYTXdINFNYTDg3eE0yaUE1eHBpWXBwVE9GMFdqSTI1SzR0QktBYVoKUzQrMzFMVStZU0hBa2YrYTk5MmtnTXRVQUJNUDJ2MnVBakI5Ukl2bTF1dUdQYkhQb3lhaXhBVzZ3UmRIQjcvdApPanpsKzZ1WEJIeFIrRHVOelFWbC9PYnRCWSszdVB0UDNNOXlWaGtlcG5DUE5HM2VUUG5MR0trTUhlZ25UMGlWCnRtd244TEg4V0MycDFIM3kwVGI1R1N2TXhRRVErcmRFeFd6WnZSQTJoSVA3UDBFajZhNUJ4dnh5Nm9ZZ21xVysKRE9QV0dwRHlxS0VrNGpYRW0zcUQweVlEcklSVG4weW02VnRtSW0ycHR3S0NBUUVBcjZVQm84aEh6OHg2S3FpcQp3QWF1dzhzYkxveTdqVzZlcC9hR3lWY1IzbGhTMTBIZDFQaDN5Um1qMjdSeXNJTGFkN1JQUGxCVjNNckUyWmZBCm9sQWE5UnllNjVsa3RYL1M0T0VyanljV1RNMWNCUVdTZVkwd084SVBDaTh4ZFEwZlVCTS82dGE2TVdaZ2lTbVcKYmdjeHpDWEpDUTF3MVpUdmVmRmlhWm5DbjlIQ1BUK3VOTUNWM2xKb1djZDk2VlpKNTkrbUFYV2V2UVZMNWVCUgorOEJoaFNPN29CSzlZb2RsWUMzcm9VZjljL0prWkJUdFZqQTN5eE1lS3FOQmIwSW5saDBiUmRmOVQyNnlFZmw5CkttTjZFZjRRb0lhNUJMUUM4WVpybUh2Q2JUQ2l1WGJMMytUeG42RjVLSk8vamQ5OGhpelZDay8zZ2lrYkhhd2QKaHhrRGh3S0NBUUJYZ1IycUNRQXhucTl3NEk2b2M2WTZ6WnROMGtlNzEzeW10OG5aQ2pwazlUeXJnWjNPNHd5TgpTMFh6VmJHY2hXYW5RTzNSaTN2NEZyQk1OdnBzWC8wQkhkK0g3MkRobVAxWlgxWTBpVXhXalhKc21WY0VHSWo3CkZFczgrVm1Eb25KQ0dsWENtdE9mb0hyTVBhK1FPejFIUDExL1dTUGhxTHZWZFlkRkNBbFZNbDNZeUNvSmpxZysKdXducHVsb01Ld3hnT2w0M0RTQ0QwYUdPSkZ5cThESGdZLy8rYkNlaG9UeWQ1VGl5R0N2dENSTjMwNHpDWGtzQQpKY0hGR045UzQyS2V0aDVOK0ViL3lhTFBGRk9aV1Q1VnYyWmtmaUdCV0tBRTFSK25DYmlTTVd0RlB6VHBUcllnCnhFWnJLREZpb0hQVm4rQXp6SUFtMkU2di9CNHNFQjVOQW9JQkFRRGladGg0Zm13Y2ptczJtcmdsUVVhZzF3YmwKejlDQXFzN3hEVHRXYTZ0SEJRZHJPdXB1QlpOWFl5LytYajJaeGNSLzJmRDdvOEdLSmxZS0d5bXROUWphT3J2agpubGhXMkkyR0RYU3VsL3Q0UUxCTkNEWGJ1RzZRZERab1VtL0p0aTNEbUg5S3JsKzZFRlJNS2x2ZTJFRW9xT3QvCmdHVSs1anV5WFY3K25aZFpOYzVuQ2NKOWJGV0Rma3JoV0EwTjliZm05dUlzUDV6d2JoQk5LbW0xRi9QNStGT0oKb05OSTF3YjRUZjhBZEgxVkRnQWZFYWJKSitUYzNtaDZ0RXUvU24rWFlCYWVzNVEwQURTQjdOSDR5UjUwbkdFeQpEL3dsWjdaNkVrbElVTnlXNmpKT2tEVkkyY29GOUY1U0Joa2xLaXNXc28xL0lIc0pRbWpmaW9tamEwd3cKLS0tLS1FTkQgUlNBIFBSSVZBVEUgS0VZLS0tLS0K\n    token: u5wvyd044ogojlnkfla3oz8d3975uqlzs34seh94quzq3jh841aa171d0i6gxqidja3mtry634lttkymcy95inw5ablibjq8lmu7eygjjqd4kbg8oc23irgb63563yyk\n",
            "kubelet_identity": [
              {
                "client_id": "11bcdc0b-d43b-4b02-8508-c67c2145c00d",
                "object_id": "3e0c2d94-6113-4865-9f61-271ed3058673",
                "user_assigned_identity_id": "/subscriptions/27c83813-916e-49fa-8d2a-d35332fc8ca4/resourceGroups/MC_Ilan-Candidate_aks-web_northeurope/providers/Microsoft.ManagedIdentity/userAssignedIdentities/aks-web-agentpool"
              }
            ],
            "kubernetes_version": "1.29",
            "linux_profile": [],
            "local_account_disabled": false,
            "location": "northeurope",
            "maintenance_window": [],
            "maintenance_window_auto_upgrade": [],
            "maintenance_window_node_os": [],
            "microsoft_defender": [],
            "monitor_metrics": [],
            "name": "aks-web",
            "network_profile": [
              {
                "dns_service_ip": "10.0.0.10",
                "docker_bridge_cidr": "",
                "ebpf_data_plane": "",
                "ip_versions": [
                  "IPv4"
                ],
                "load_balancer_profile": [
                  {
                    "effective_outbound_ips": [
                      "/subscriptions/27c83813-916e-49fa-8d2a-d35332fc8ca4/resourceGroups/MC_Ilan-Candidate_aks-web_northeurope/providers/Microsoft.Network/publicIPAddresses/3589b1b8-9f7d-40d9-8dad-996d3524aa41"
                    ],
                    "idle_timeout_in_minutes": 0,
                    "managed_outbound_ip_count": 1,
                    "managed_outbound_ipv6_count": 0,
                    "outbound_ip_address_ids": [],
                    "outbound_ip_prefix_ids": [],
                    "outbound_ports_allocated": 0
                  }
                ],
                "load_balancer_sku": "standard",
                "nat_gateway_profile": [],
                "network_data_plane": "azure",
                "network_mode": "",
                "network_plugin": "kubenet",
                "network_plugin_mode": "",
                "network_policy": "",
                "outbound_ip_address_ids": [],
                "outbound_ip_prefix_ids": [],
                "outbound_type": "loadBalancer",
                "pod_cidr": "10.244.0.0/16",
                "pod_cidrs": [
                  "10.244.0.0/16"
                ],
                "service_cidr": "10.0.0.0/16",
                "service_cidrs": [
                  "10.0.0.0/16"
                ]
              }
            ],
            "node_os_channel_upgrade": null,
            "node_resource_group": "MC_Ilan-Candidate_aks-web_northeurope",
            "node_resource_group_id": "/subscriptions/27c83813-916e-49fa-8d2a-d35332fc8ca4/resourceGroups/MC_Ilan-Candidate_aks-web_northeurope",
            "oidc_issuer_enabled": true,
            "oidc_issuer_url": "https://northeurope.oic.prod-aks.azure.com/bd4f0481-b137-40f1-9e64-20cfd55fbf49/226fe0cc-4d8f-4c0c-ab0a-d72b30760b45/",
            "oms_agent": [],
            "open_service_mesh_enabled": false,
            "portal_fqdn": "aks-web1-qdxiiprx.portal.hcp.northeurope.azmk8s.io",
            "private_cluster_enabled": false,
            "private_cluster_public_fqdn_enabled": false,
            "private_dns_zone_id": "",
            "private_fqdn": "",
            "public_network_access_enabled": true,
            "resource_group_name": "Ilan-Candidate",
            "role_based_access_control_enabled": true,
            "run_command_enabled": true,
            "service_mesh_profile": [],
            "service_principal": [],
            "sku_tier": "Free",
            "storage_profile": [],
            "support_plan": "KubernetesOfficial",
            "tags": {},
            "timeouts": null,
            "web_app_routing": [],
            "windows_profile": [],
            "workload_autoscaler_profile": [],
            "workload_identity_enabled": false
          },
          "sensitive_attributes": [
            [
              {
                "type": "get_attr",
                "value": "kube_config"
              }
            ],
            [
              {
                "type": "get_attr",
                "value": "kube_admin_config_raw"
              }
            ],
            [
              {
                "type": "get_attr",
                "value": "kube_config_raw"
              }
            ],
            [
              {
                "type": "get_attr",
                "value": "kube_admin_config"
              }
            ]
          ],
          "private": "eyJlMmJmYjczMC1lY2FhLTExZTYtOGY4OC0zNDM2M2JjN2M0YzAiOnsiY3JlYXRlIjo1NDAwMDAwMDAwMDAwLCJkZWxldGUiOjU0MDAwMDAwMDAwMDAsInJlYWQiOjMwMDAwMDAwMDAwMCwidXBkYXRlIjo1NDAwMDAwMDAwMDAwfSwic2NoZW1hX3ZlcnNpb24iOiIyIn0="
        }
      ]
    },
    {
      "mode": "managed",
      "type": "azurerm_linux_virtual_machine",
      "name": "cicd_vm",
      "provider": "provider[\"registry.terraform.io/hashicorp/azurerm\"]",
      "instances": [
        {
          "schema_version": 0,
          "attributes": {
            "additional_capabilities": [],
            "admin_password": "r46aVS#As$Lq",
            "admin_ssh_key": [],
            "admin_username": "adminuser",
            "allow_extension_operations": true,
            "availability_set_id": "",
            "boot_diagnostics": [],
            "bypass_platform_safety_checks_on_user_schedule_enabled": false,
            "capacity_reservation_group_id": "",
            "computer_name": "cicd-vm",
            "custom_data": null,
            "dedicated_host_group_id": "",
            "dedicated_host_id": "",
            "disable_password_authentication": false,
            "disk_controller_type": "",
            "edge_zone": "",
            "encryption_at_host_enabled": false,
            "eviction_policy": "",
            "extensions_time_budget": "PT1H30M",
            "gallery_application": [],
            "id": "/subscriptions/27c83813-916e-49fa-8d2a-d35332fc8ca4/resourceGroups/Ilan-Candidate/providers/Microsoft.Compute/virtualMachines/cicd-vm",
            "identity": [
              {
                "identity_ids": [],
                "principal_id": "371a953d-670a-4c74-a765-feb470b3a2c5",
                "tenant_id": "bd4f0481-b137-40f1-9e64-20cfd55fbf49",
                "type": "SystemAssigned"
              }
            ],
            "license_type": "",
            "location": "westeurope",
            "max_bid_price": -1,
            "name": "cicd-vm",
            "network_interface_ids": [
              "/subscriptions/27c83813-916e-49fa-8d2a-d35332fc8ca4/resourceGroups/Ilan-Candidate/providers/Microsoft.Network/networkInterfaces/cicd-vm-nic"
            ],
            "os_disk": [
              {
                "caching": "ReadWrite",
                "diff_disk_settings": [],
                "disk_encryption_set_id": "",
                "disk_size_gb": 30,
                "name": "cicd-vm_disk1_c20d96fd13c64950886b326bdafb8df9",
                "secure_vm_disk_encryption_set_id": "",
                "security_encryption_type": "",
                "storage_account_type": "Standard_LRS",
                "write_accelerator_enabled": false
              }
            ],
            "os_image_notification": [],
            "patch_assessment_mode": "ImageDefault",
            "patch_mode": "ImageDefault",
            "plan": [],
            "platform_fault_domain": -1,
            "priority": "Regular",
            "private_ip_address": "10.0.1.4",
            "private_ip_addresses": [
              "10.0.1.4"
            ],
            "provision_vm_agent": true,
            "proximity_placement_group_id": "",
            "public_ip_address": "4.180.171.203",
            "public_ip_addresses": [
              "4.180.171.203"
            ],
            "reboot_setting": "",
            "resource_group_name": "Ilan-Candidate",
            "secret": [],
            "secure_boot_enabled": false,
            "size": "Standard_F2",
            "source_image_id": "",
            "source_image_reference": [
              {
                "offer": "0001-com-ubuntu-server-jammy",
                "publisher": "Canonical",
                "sku": "22_04-lts",
                "version": "latest"
              }
            ],
            "tags": {},
            "termination_notification": [],
            "timeouts": null,
            "user_data": "",
            "virtual_machine_id": "ac77a351-e02a-4e5c-b2c9-43cc4bdad651",
            "virtual_machine_scale_set_id": "",
            "vm_agent_platform_updates_enabled": false,
            "vtpm_enabled": false,
            "zone": ""
          },
          "sensitive_attributes": [
            [
              {
                "type": "get_attr",
                "value": "custom_data"
              }
            ],
            [
              {
                "type": "get_attr",
                "value": "admin_password"
              }
            ]
          ],
          "private": "eyJlMmJmYjczMC1lY2FhLTExZTYtOGY4OC0zNDM2M2JjN2M0YzAiOnsiY3JlYXRlIjoyNzAwMDAwMDAwMDAwLCJkZWxldGUiOjI3MDAwMDAwMDAwMDAsInJlYWQiOjMwMDAwMDAwMDAwMCwidXBkYXRlIjoyNzAwMDAwMDAwMDAwfX0=",
          "dependencies": [
            "azurerm_key_vault.kv_web2b1",
            "azurerm_key_vault_secret.vm_pwd",
            "azurerm_network_interface.cicd_vm_nic",
            "azurerm_public_ip.cicd_vm_ip",
            "azurerm_subnet.cicd_subnet",
            "azurerm_virtual_network.cicd_vnet",
            "data.azurerm_client_config.current",
            "random_password.vmgenpassword"
          ]
        }
      ]
    },
    {
      "mode": "managed",
      "type": "azurerm_network_interface",
      "name": "cicd_vm_nic",
      "provider": "provider[\"registry.terraform.io/hashicorp/azurerm\"]",
      "instances": [
        {
          "schema_version": 0,
          "attributes": {
            "accelerated_networking_enabled": false,
            "applied_dns_servers": [],
            "auxiliary_mode": "",
            "auxiliary_sku": "",
            "dns_servers": [],
            "edge_zone": "",
            "enable_accelerated_networking": false,
            "enable_ip_forwarding": false,
            "id": "/subscriptions/27c83813-916e-49fa-8d2a-d35332fc8ca4/resourceGroups/Ilan-Candidate/providers/Microsoft.Network/networkInterfaces/cicd-vm-nic",
            "internal_dns_name_label": "",
            "internal_domain_name_suffix": "ho2ottrkfiau3b15ks0avy41ya.ax.internal.cloudapp.net",
            "ip_configuration": [
              {
                "gateway_load_balancer_frontend_ip_configuration_id": "",
                "name": "external",
                "primary": true,
                "private_ip_address": "10.0.1.4",
                "private_ip_address_allocation": "Dynamic",
                "private_ip_address_version": "IPv4",
                "public_ip_address_id": "/subscriptions/27c83813-916e-49fa-8d2a-d35332fc8ca4/resourceGroups/Ilan-Candidate/providers/Microsoft.Network/publicIPAddresses/cicd-vm-ip",
                "subnet_id": "/subscriptions/27c83813-916e-49fa-8d2a-d35332fc8ca4/resourceGroups/Ilan-Candidate/providers/Microsoft.Network/virtualNetworks/cicd-vnet/subnets/cicd-subnet"
              }
            ],
            "ip_forwarding_enabled": false,
            "location": "westeurope",
            "mac_address": "00-0D-3A-2E-4C-19",
            "name": "cicd-vm-nic",
            "private_ip_address": "10.0.1.4",
            "private_ip_addresses": [
              "10.0.1.4"
            ],
            "resource_group_name": "Ilan-Candidate",
            "tags": {},
            "timeouts": null,
            "virtual_machine_id": "/subscriptions/27c83813-916e-49fa-8d2a-d35332fc8ca4/resourceGroups/Ilan-Candidate/providers/Microsoft.Compute/virtualMachines/cicd-vm"
          },
          "sensitive_attributes": [],
          "private": "eyJlMmJmYjczMC1lY2FhLTExZTYtOGY4OC0zNDM2M2JjN2M0YzAiOnsiY3JlYXRlIjoxODAwMDAwMDAwMDAwLCJkZWxldGUiOjE4MDAwMDAwMDAwMDAsInJlYWQiOjMwMDAwMDAwMDAwMCwidXBkYXRlIjoxODAwMDAwMDAwMDAwfX0=",
          "dependencies": [
            "azurerm_public_ip.cicd_vm_ip",
            "azurerm_subnet.cicd_subnet",
            "azurerm_virtual_network.cicd_vnet"
          ]
        }
      ]
    },
    {
      "mode": "managed",
      "type": "azurerm_network_security_group",
      "name": "cicd_sg",
      "provider": "provider[\"registry.terraform.io/hashicorp/azurerm\"]",
      "instances": [
        {
          "schema_version": 0,
          "attributes": {
            "id": "/subscriptions/27c83813-916e-49fa-8d2a-d35332fc8ca4/resourceGroups/Ilan-Candidate/providers/Microsoft.Network/networkSecurityGroups/cicd-sg",
            "location": "westeurope",
            "name": "cicd-sg",
            "resource_group_name": "Ilan-Candidate",
            "security_rule": [],
            "tags": {},
            "timeouts": null
          },
          "sensitive_attributes": [],
          "private": "eyJlMmJmYjczMC1lY2FhLTExZTYtOGY4OC0zNDM2M2JjN2M0YzAiOnsiY3JlYXRlIjoxODAwMDAwMDAwMDAwLCJkZWxldGUiOjE4MDAwMDAwMDAwMDAsInJlYWQiOjMwMDAwMDAwMDAwMCwidXBkYXRlIjoxODAwMDAwMDAwMDAwfX0="
        }
      ]
    },
    {
      "mode": "managed",
      "type": "azurerm_private_dns_zone",
      "name": "akv_01",
      "provider": "provider[\"registry.terraform.io/hashicorp/azurerm\"]",
      "instances": [
        {
          "schema_version": 0,
          "attributes": {
            "id": "/subscriptions/27c83813-916e-49fa-8d2a-d35332fc8ca4/resourceGroups/Ilan-Candidate/providers/Microsoft.Network/privateDnsZones/privatelink.vaultcore.azure.net",
            "max_number_of_record_sets": 25000,
            "max_number_of_virtual_network_links": 1000,
            "max_number_of_virtual_network_links_with_registration": 100,
            "name": "privatelink.vaultcore.azure.net",
            "number_of_record_sets": 2,
            "resource_group_name": "Ilan-Candidate",
            "soa_record": [
              {
                "email": "azureprivatedns-host.microsoft.com",
                "expire_time": 2419200,
                "fqdn": "privatelink.vaultcore.azure.net.",
                "host_name": "azureprivatedns.net",
                "minimum_ttl": 10,
                "refresh_time": 3600,
                "retry_time": 300,
                "serial_number": 1,
                "tags": {},
                "ttl": 3600
              }
            ],
            "tags": {},
            "timeouts": null
          },
          "sensitive_attributes": [],
          "private": "eyJlMmJmYjczMC1lY2FhLTExZTYtOGY4OC0zNDM2M2JjN2M0YzAiOnsiY3JlYXRlIjoxODAwMDAwMDAwMDAwLCJkZWxldGUiOjE4MDAwMDAwMDAwMDAsInJlYWQiOjMwMDAwMDAwMDAwMCwidXBkYXRlIjoxODAwMDAwMDAwMDAwfX0="
        }
      ]
    },
    {
      "mode": "managed",
      "type": "azurerm_private_dns_zone_virtual_network_link",
      "name": "akv_01",
      "provider": "provider[\"registry.terraform.io/hashicorp/azurerm\"]",
      "instances": [
        {
          "schema_version": 0,
          "attributes": {
            "id": "/subscriptions/27c83813-916e-49fa-8d2a-d35332fc8ca4/resourceGroups/Ilan-Candidate/providers/Microsoft.Network/privateDnsZones/privatelink.vaultcore.azure.net/virtualNetworkLinks/prod-akv",
            "name": "prod-akv",
            "private_dns_zone_name": "privatelink.vaultcore.azure.net",
            "registration_enabled": false,
            "resource_group_name": "Ilan-Candidate",
            "tags": {},
            "timeouts": null,
            "virtual_network_id": "/subscriptions/27c83813-916e-49fa-8d2a-d35332fc8ca4/resourceGroups/Ilan-Candidate/providers/Microsoft.Network/virtualNetworks/cicd-vnet"
          },
          "sensitive_attributes": [],
          "private": "eyJlMmJmYjczMC1lY2FhLTExZTYtOGY4OC0zNDM2M2JjN2M0YzAiOnsiY3JlYXRlIjoxODAwMDAwMDAwMDAwLCJkZWxldGUiOjE4MDAwMDAwMDAwMDAsInJlYWQiOjMwMDAwMDAwMDAwMCwidXBkYXRlIjoxODAwMDAwMDAwMDAwfX0=",
          "dependencies": [
            "azurerm_private_dns_zone.akv_01",
            "azurerm_virtual_network.cicd_vnet"
          ]
        }
      ]
    },
    {
      "mode": "managed",
      "type": "azurerm_private_endpoint",
      "name": "akv_01",
      "provider": "provider[\"registry.terraform.io/hashicorp/azurerm\"]",
      "instances": [
        {
          "schema_version": 0,
          "attributes": {
            "custom_dns_configs": [],
            "custom_network_interface_name": "pvep-akv-nic",
            "id": "/subscriptions/27c83813-916e-49fa-8d2a-d35332fc8ca4/resourceGroups/Ilan-Candidate/providers/Microsoft.Network/privateEndpoints/pvep-akv",
            "ip_configuration": [],
            "location": "westeurope",
            "name": "pvep-akv",
            "network_interface": [
              {
                "id": "/subscriptions/27c83813-916e-49fa-8d2a-d35332fc8ca4/resourceGroups/Ilan-Candidate/providers/Microsoft.Network/networkInterfaces/pvep-akv-nic",
                "name": "pvep-akv-nic"
              }
            ],
            "private_dns_zone_configs": [
              {
                "id": "/subscriptions/27c83813-916e-49fa-8d2a-d35332fc8ca4/resourceGroups/Ilan-Candidate/providers/Microsoft.Network/privateEndpoints/pvep-akv/privateDnsZoneGroups/privatelink.vaultcore.azure.net/privateDnsZoneConfigs/privatelink.vaultcore.azure.net",
                "name": "privatelink.vaultcore.azure.net",
                "private_dns_zone_id": "/subscriptions/27c83813-916e-49fa-8d2a-d35332fc8ca4/resourceGroups/Ilan-Candidate/providers/Microsoft.Network/privateDnsZones/privatelink.vaultcore.azure.net",
                "record_sets": [
                  {
                    "fqdn": "kv-web2b1.privatelink.vaultcore.azure.net",
                    "ip_addresses": [
                      "10.0.1.5"
                    ],
                    "name": "kv-web2b1",
                    "ttl": 10,
                    "type": "A"
                  }
                ]
              }
            ],
            "private_dns_zone_group": [
              {
                "id": "/subscriptions/27c83813-916e-49fa-8d2a-d35332fc8ca4/resourceGroups/Ilan-Candidate/providers/Microsoft.Network/privateEndpoints/pvep-akv/privateDnsZoneGroups/privatelink.vaultcore.azure.net",
                "name": "privatelink.vaultcore.azure.net",
                "private_dns_zone_ids": [
                  "/subscriptions/27c83813-916e-49fa-8d2a-d35332fc8ca4/resourceGroups/Ilan-Candidate/providers/Microsoft.Network/privateDnsZones/privatelink.vaultcore.azure.net"
                ]
              }
            ],
            "private_service_connection": [
              {
                "is_manual_connection": false,
                "name": "prod-akv01-private-endpoint",
                "private_connection_resource_alias": "",
                "private_connection_resource_id": "/subscriptions/27c83813-916e-49fa-8d2a-d35332fc8ca4/resourceGroups/Ilan-Candidate/providers/Microsoft.KeyVault/vaults/kv-web2b1",
                "private_ip_address": "10.0.1.5",
                "request_message": "",
                "subresource_names": [
                  "vault"
                ]
              }
            ],
            "resource_group_name": "Ilan-Candidate",
            "subnet_id": "/subscriptions/27c83813-916e-49fa-8d2a-d35332fc8ca4/resourceGroups/Ilan-Candidate/providers/Microsoft.Network/virtualNetworks/cicd-vnet/subnets/cicd-subnet",
            "tags": {},
            "timeouts": null
          },
          "sensitive_attributes": [],
          "private": "eyJlMmJmYjczMC1lY2FhLTExZTYtOGY4OC0zNDM2M2JjN2M0YzAiOnsiY3JlYXRlIjozNjAwMDAwMDAwMDAwLCJkZWxldGUiOjM2MDAwMDAwMDAwMDAsInJlYWQiOjMwMDAwMDAwMDAwMCwidXBkYXRlIjozNjAwMDAwMDAwMDAwfX0=",
          "dependencies": [
            "azurerm_key_vault.kv_web2b1",
            "azurerm_private_dns_zone.akv_01",
            "azurerm_subnet.cicd_subnet",
            "azurerm_virtual_network.cicd_vnet",
            "data.azurerm_client_config.current"
          ]
        }
      ]
    },
    {
      "mode": "managed",
      "type": "azurerm_public_ip",
      "name": "app_ip",
      "provider": "provider[\"registry.terraform.io/hashicorp/azurerm\"]",
      "instances": [
        {
          "schema_version": 0,
          "attributes": {
            "allocation_method": "Static",
            "ddos_protection_mode": "VirtualNetworkInherited",
            "ddos_protection_plan_id": null,
            "domain_name_label": "myapp1",
            "edge_zone": "",
            "fqdn": "myapp1.westeurope.cloudapp.azure.com",
            "id": "/subscriptions/27c83813-916e-49fa-8d2a-d35332fc8ca4/resourceGroups/Ilan-Candidate/providers/Microsoft.Network/publicIPAddresses/app_ip",
            "idle_timeout_in_minutes": 4,
            "ip_address": "20.229.93.152",
            "ip_tags": {},
            "ip_version": "IPv4",
            "location": "westeurope",
            "name": "app_ip",
            "public_ip_prefix_id": null,
            "resource_group_name": "Ilan-Candidate",
            "reverse_fqdn": "",
            "sku": "Basic",
            "sku_tier": "Regional",
            "tags": {},
            "timeouts": null,
            "zones": []
          },
          "sensitive_attributes": [],
          "private": "eyJlMmJmYjczMC1lY2FhLTExZTYtOGY4OC0zNDM2M2JjN2M0YzAiOnsiY3JlYXRlIjoxODAwMDAwMDAwMDAwLCJkZWxldGUiOjE4MDAwMDAwMDAwMDAsInJlYWQiOjMwMDAwMDAwMDAwMCwidXBkYXRlIjoxODAwMDAwMDAwMDAwfX0="
        }
      ]
    },
    {
      "mode": "managed",
      "type": "azurerm_public_ip",
      "name": "cicd_vm_ip",
      "provider": "provider[\"registry.terraform.io/hashicorp/azurerm\"]",
      "instances": [
        {
          "schema_version": 0,
          "attributes": {
            "allocation_method": "Static",
            "ddos_protection_mode": "VirtualNetworkInherited",
            "ddos_protection_plan_id": null,
            "domain_name_label": null,
            "edge_zone": "",
            "fqdn": null,
            "id": "/subscriptions/27c83813-916e-49fa-8d2a-d35332fc8ca4/resourceGroups/Ilan-Candidate/providers/Microsoft.Network/publicIPAddresses/cicd-vm-ip",
            "idle_timeout_in_minutes": 4,
            "ip_address": "4.180.171.203",
            "ip_tags": {},
            "ip_version": "IPv4",
            "location": "westeurope",
            "name": "cicd-vm-ip",
            "public_ip_prefix_id": null,
            "resource_group_name": "Ilan-Candidate",
            "reverse_fqdn": null,
            "sku": "Basic",
            "sku_tier": "Regional",
            "tags": {},
            "timeouts": null,
            "zones": []
          },
          "sensitive_attributes": [],
          "private": "eyJlMmJmYjczMC1lY2FhLTExZTYtOGY4OC0zNDM2M2JjN2M0YzAiOnsiY3JlYXRlIjoxODAwMDAwMDAwMDAwLCJkZWxldGUiOjE4MDAwMDAwMDAwMDAsInJlYWQiOjMwMDAwMDAwMDAwMCwidXBkYXRlIjoxODAwMDAwMDAwMDAwfX0="
        }
      ]
    },
    {
      "mode": "managed",
      "type": "azurerm_role_assignment",
      "name": "acr_delete",
      "provider": "provider[\"registry.terraform.io/hashicorp/azurerm\"]",
      "instances": [
        {
          "schema_version": 0,
          "attributes": {
            "condition": "",
            "condition_version": "",
            "delegated_managed_identity_resource_id": "",
            "description": "",
            "id": "/subscriptions/27c83813-916e-49fa-8d2a-d35332fc8ca4/resourceGroups/Ilan-Candidate/providers/Microsoft.ContainerRegistry/registries/acrweb2b/providers/Microsoft.Authorization/roleAssignments/11348e7d-3171-05cc-25c6-6063b2f522b2",
            "name": "11348e7d-3171-05cc-25c6-6063b2f522b2",
            "principal_id": "371a953d-670a-4c74-a765-feb470b3a2c5",
            "principal_type": "ServicePrincipal",
            "role_definition_id": "/subscriptions/27c83813-916e-49fa-8d2a-d35332fc8ca4/providers/Microsoft.Authorization/roleDefinitions/c2f4ef07-c644-48eb-af81-4b1b4947fb11",
            "role_definition_name": "AcrDelete",
            "scope": "/subscriptions/27c83813-916e-49fa-8d2a-d35332fc8ca4/resourceGroups/Ilan-Candidate/providers/Microsoft.ContainerRegistry/registries/acrweb2b",
            "skip_service_principal_aad_check": null,
            "timeouts": null
          },
          "sensitive_attributes": [],
          "private": "eyJlMmJmYjczMC1lY2FhLTExZTYtOGY4OC0zNDM2M2JjN2M0YzAiOnsiY3JlYXRlIjoxODAwMDAwMDAwMDAwLCJkZWxldGUiOjE4MDAwMDAwMDAwMDAsInJlYWQiOjMwMDAwMDAwMDAwMH19",
          "dependencies": [
            "azurerm_container_registry.acr_web",
            "azurerm_key_vault.kv_web2b1",
            "azurerm_key_vault_secret.vm_pwd",
            "azurerm_linux_virtual_machine.cicd_vm",
            "azurerm_network_interface.cicd_vm_nic",
            "azurerm_public_ip.cicd_vm_ip",
            "azurerm_subnet.cicd_subnet",
            "azurerm_virtual_network.cicd_vnet",
            "data.azurerm_client_config.current",
            "random_password.vmgenpassword"
          ]
        }
      ]
    },
    {
      "mode": "managed",
      "type": "azurerm_role_assignment",
      "name": "acr_pull",
      "provider": "provider[\"registry.terraform.io/hashicorp/azurerm\"]",
      "instances": [
        {
          "schema_version": 0,
          "attributes": {
            "condition": "",
            "condition_version": "",
            "delegated_managed_identity_resource_id": "",
            "description": "",
            "id": "/subscriptions/27c83813-916e-49fa-8d2a-d35332fc8ca4/resourceGroups/Ilan-Candidate/providers/Microsoft.ContainerRegistry/registries/acrweb2b/providers/Microsoft.Authorization/roleAssignments/cbb0af64-93e3-2c32-bb50-4fb425721105",
            "name": "cbb0af64-93e3-2c32-bb50-4fb425721105",
            "principal_id": "371a953d-670a-4c74-a765-feb470b3a2c5",
            "principal_type": "ServicePrincipal",
            "role_definition_id": "/subscriptions/27c83813-916e-49fa-8d2a-d35332fc8ca4/providers/Microsoft.Authorization/roleDefinitions/7f951dda-4ed3-4680-a7ca-43fe172d538d",
            "role_definition_name": "AcrPull",
            "scope": "/subscriptions/27c83813-916e-49fa-8d2a-d35332fc8ca4/resourceGroups/Ilan-Candidate/providers/Microsoft.ContainerRegistry/registries/acrweb2b",
            "skip_service_principal_aad_check": null,
            "timeouts": null
          },
          "sensitive_attributes": [],
          "private": "eyJlMmJmYjczMC1lY2FhLTExZTYtOGY4OC0zNDM2M2JjN2M0YzAiOnsiY3JlYXRlIjoxODAwMDAwMDAwMDAwLCJkZWxldGUiOjE4MDAwMDAwMDAwMDAsInJlYWQiOjMwMDAwMDAwMDAwMH19",
          "dependencies": [
            "azurerm_container_registry.acr_web",
            "azurerm_key_vault.kv_web2b1",
            "azurerm_key_vault_secret.vm_pwd",
            "azurerm_linux_virtual_machine.cicd_vm",
            "azurerm_network_interface.cicd_vm_nic",
            "azurerm_public_ip.cicd_vm_ip",
            "azurerm_subnet.cicd_subnet",
            "azurerm_virtual_network.cicd_vnet",
            "data.azurerm_client_config.current",
            "random_password.vmgenpassword"
          ]
        }
      ]
    },
    {
      "mode": "managed",
      "type": "azurerm_role_assignment",
      "name": "acr_push",
      "provider": "provider[\"registry.terraform.io/hashicorp/azurerm\"]",
      "instances": [
        {
          "schema_version": 0,
          "attributes": {
            "condition": "",
            "condition_version": "",
            "delegated_managed_identity_resource_id": "",
            "description": "",
            "id": "/subscriptions/27c83813-916e-49fa-8d2a-d35332fc8ca4/resourceGroups/Ilan-Candidate/providers/Microsoft.ContainerRegistry/registries/acrweb2b/providers/Microsoft.Authorization/roleAssignments/d04ef2ff-9dce-5ef7-de95-8aa39c99a7d3",
            "name": "d04ef2ff-9dce-5ef7-de95-8aa39c99a7d3",
            "principal_id": "371a953d-670a-4c74-a765-feb470b3a2c5",
            "principal_type": "ServicePrincipal",
            "role_definition_id": "/subscriptions/27c83813-916e-49fa-8d2a-d35332fc8ca4/providers/Microsoft.Authorization/roleDefinitions/8311e382-0749-4cb8-b61a-304f252e45ec",
            "role_definition_name": "AcrPush",
            "scope": "/subscriptions/27c83813-916e-49fa-8d2a-d35332fc8ca4/resourceGroups/Ilan-Candidate/providers/Microsoft.ContainerRegistry/registries/acrweb2b",
            "skip_service_principal_aad_check": null,
            "timeouts": null
          },
          "sensitive_attributes": [],
          "private": "eyJlMmJmYjczMC1lY2FhLTExZTYtOGY4OC0zNDM2M2JjN2M0YzAiOnsiY3JlYXRlIjoxODAwMDAwMDAwMDAwLCJkZWxldGUiOjE4MDAwMDAwMDAwMDAsInJlYWQiOjMwMDAwMDAwMDAwMH19",
          "dependencies": [
            "azurerm_container_registry.acr_web",
            "azurerm_key_vault.kv_web2b1",
            "azurerm_key_vault_secret.vm_pwd",
            "azurerm_linux_virtual_machine.cicd_vm",
            "azurerm_network_interface.cicd_vm_nic",
            "azurerm_public_ip.cicd_vm_ip",
            "azurerm_subnet.cicd_subnet",
            "azurerm_virtual_network.cicd_vnet",
            "data.azurerm_client_config.current",
            "random_password.vmgenpassword"
          ]
        }
      ]
    },
    {
      "mode": "managed",
      "type": "azurerm_role_assignment",
      "name": "aks_cluster_user_role",
      "provider": "provider[\"registry.terraform.io/hashicorp/azurerm\"]",
      "instances": [
        {
          "schema_version": 0,
          "attributes": {
            "condition": "",
            "condition_version": "",
            "delegated_managed_identity_resource_id": "",
            "description": "",
            "id": "/subscriptions/27c83813-916e-49fa-8d2a-d35332fc8ca4/resourceGroups/Ilan-Candidate/providers/Microsoft.ContainerService/managedClusters/aks-web/providers/Microsoft.Authorization/roleAssignments/555219a9-7cdd-5b31-fedc-fea9a9a43b88",
            "name": "555219a9-7cdd-5b31-fedc-fea9a9a43b88",
            "principal_id": "371a953d-670a-4c74-a765-feb470b3a2c5",
            "principal_type": "ServicePrincipal",
            "role_definition_id": "/subscriptions/27c83813-916e-49fa-8d2a-d35332fc8ca4/providers/Microsoft.Authorization/roleDefinitions/b24988ac-6180-42a0-ab88-20f7382dd24c",
            "role_definition_name": "Contributor",
            "scope": "/subscriptions/27c83813-916e-49fa-8d2a-d35332fc8ca4/resourceGroups/Ilan-Candidate/providers/Microsoft.ContainerService/managedClusters/aks-web",
            "skip_service_principal_aad_check": null,
            "timeouts": null
          },
          "sensitive_attributes": [],
          "private": "eyJlMmJmYjczMC1lY2FhLTExZTYtOGY4OC0zNDM2M2JjN2M0YzAiOnsiY3JlYXRlIjoxODAwMDAwMDAwMDAwLCJkZWxldGUiOjE4MDAwMDAwMDAwMDAsInJlYWQiOjMwMDAwMDAwMDAwMH19",
          "dependencies": [
            "azurerm_key_vault.kv_web2b1",
            "azurerm_key_vault_secret.vm_pwd",
            "azurerm_kubernetes_cluster.aks_web",
            "azurerm_linux_virtual_machine.cicd_vm",
            "azurerm_network_interface.cicd_vm_nic",
            "azurerm_public_ip.cicd_vm_ip",
            "azurerm_subnet.cicd_subnet",
            "azurerm_virtual_network.cicd_vnet",
            "data.azurerm_client_config.current",
            "random_password.vmgenpassword"
          ]
        }
      ]
    },
    {
      "mode": "managed",
      "type": "azurerm_role_assignment",
      "name": "kubweb_to_acr",
      "provider": "provider[\"registry.terraform.io/hashicorp/azurerm\"]",
      "instances": [
        {
          "schema_version": 0,
          "attributes": {
            "condition": "",
            "condition_version": "",
            "delegated_managed_identity_resource_id": "",
            "description": "",
            "id": "/subscriptions/27c83813-916e-49fa-8d2a-d35332fc8ca4/resourceGroups/Ilan-Candidate/providers/Microsoft.ContainerRegistry/registries/acrweb2b/providers/Microsoft.Authorization/roleAssignments/11822d91-b33f-eb3a-2459-310726397031",
            "name": "11822d91-b33f-eb3a-2459-310726397031",
            "principal_id": "3e0c2d94-6113-4865-9f61-271ed3058673",
            "principal_type": "ServicePrincipal",
            "role_definition_id": "/subscriptions/27c83813-916e-49fa-8d2a-d35332fc8ca4/providers/Microsoft.Authorization/roleDefinitions/7f951dda-4ed3-4680-a7ca-43fe172d538d",
            "role_definition_name": "AcrPull",
            "scope": "/subscriptions/27c83813-916e-49fa-8d2a-d35332fc8ca4/resourceGroups/Ilan-Candidate/providers/Microsoft.ContainerRegistry/registries/acrweb2b",
            "skip_service_principal_aad_check": null,
            "timeouts": null
          },
          "sensitive_attributes": [],
          "private": "eyJlMmJmYjczMC1lY2FhLTExZTYtOGY4OC0zNDM2M2JjN2M0YzAiOnsiY3JlYXRlIjoxODAwMDAwMDAwMDAwLCJkZWxldGUiOjE4MDAwMDAwMDAwMDAsInJlYWQiOjMwMDAwMDAwMDAwMH19",
          "dependencies": [
            "azurerm_container_registry.acr_web",
            "azurerm_kubernetes_cluster.aks_web"
          ]
        }
      ]
    },
    {
      "mode": "managed",
      "type": "azurerm_subnet",
      "name": "cicd_subnet",
      "provider": "provider[\"registry.terraform.io/hashicorp/azurerm\"]",
      "instances": [
        {
          "schema_version": 0,
          "attributes": {
            "address_prefixes": [
              "10.0.1.0/24"
            ],
            "default_outbound_access_enabled": true,
            "delegation": [],
            "enforce_private_link_endpoint_network_policies": false,
            "enforce_private_link_service_network_policies": false,
            "id": "/subscriptions/27c83813-916e-49fa-8d2a-d35332fc8ca4/resourceGroups/Ilan-Candidate/providers/Microsoft.Network/virtualNetworks/cicd-vnet/subnets/cicd-subnet",
            "name": "cicd-subnet",
            "private_endpoint_network_policies": "Enabled",
            "private_endpoint_network_policies_enabled": true,
            "private_link_service_network_policies_enabled": true,
            "resource_group_name": "Ilan-Candidate",
            "service_endpoint_policy_ids": [],
            "service_endpoints": [],
            "timeouts": null,
            "virtual_network_name": "cicd-vnet"
          },
          "sensitive_attributes": [],
          "private": "eyJlMmJmYjczMC1lY2FhLTExZTYtOGY4OC0zNDM2M2JjN2M0YzAiOnsiY3JlYXRlIjoxODAwMDAwMDAwMDAwLCJkZWxldGUiOjE4MDAwMDAwMDAwMDAsInJlYWQiOjMwMDAwMDAwMDAwMCwidXBkYXRlIjoxODAwMDAwMDAwMDAwfX0=",
          "dependencies": [
            "azurerm_virtual_network.cicd_vnet"
          ]
        }
      ]
    },
    {
      "mode": "managed",
      "type": "azurerm_user_assigned_identity",
      "name": "aks_workload_identity",
      "provider": "provider[\"registry.terraform.io/hashicorp/azurerm\"]",
      "instances": [
        {
          "schema_version": 1,
          "attributes": {
            "client_id": "923539b6-02e1-4a28-bc1c-a55b13b1b676",
            "id": "/subscriptions/27c83813-916e-49fa-8d2a-d35332fc8ca4/resourceGroups/Ilan-Candidate/providers/Microsoft.ManagedIdentity/userAssignedIdentities/aks-workload-identity",
            "location": "northeurope",
            "name": "aks-workload-identity",
            "principal_id": "46d2595b-22c3-4e7f-b84f-0c9a17c39593",
            "resource_group_name": "Ilan-Candidate",
            "tags": {},
            "tenant_id": "bd4f0481-b137-40f1-9e64-20cfd55fbf49",
            "timeouts": null
          },
          "sensitive_attributes": [],
          "private": "eyJlMmJmYjczMC1lY2FhLTExZTYtOGY4OC0zNDM2M2JjN2M0YzAiOnsiY3JlYXRlIjoxODAwMDAwMDAwMDAwLCJkZWxldGUiOjE4MDAwMDAwMDAwMDAsInJlYWQiOjMwMDAwMDAwMDAwMCwidXBkYXRlIjoxODAwMDAwMDAwMDAwfSwic2NoZW1hX3ZlcnNpb24iOiIxIn0="
        }
      ]
    },
    {
      "mode": "managed",
      "type": "azurerm_virtual_network",
      "name": "cicd_vnet",
      "provider": "provider[\"registry.terraform.io/hashicorp/azurerm\"]",
      "instances": [
        {
          "schema_version": 0,
          "attributes": {
            "address_space": [
              "10.0.0.0/16"
            ],
            "bgp_community": "",
            "ddos_protection_plan": [],
            "dns_servers": [],
            "edge_zone": "",
            "encryption": [],
            "flow_timeout_in_minutes": 0,
            "guid": "cee9b83b-2a2a-4e01-877f-54b40ae3dbc0",
            "id": "/subscriptions/27c83813-916e-49fa-8d2a-d35332fc8ca4/resourceGroups/Ilan-Candidate/providers/Microsoft.Network/virtualNetworks/cicd-vnet",
            "location": "westeurope",
            "name": "cicd-vnet",
            "resource_group_name": "Ilan-Candidate",
            "subnet": [
              {
                "address_prefix": "10.0.1.0/24",
                "id": "/subscriptions/27c83813-916e-49fa-8d2a-d35332fc8ca4/resourceGroups/Ilan-Candidate/providers/Microsoft.Network/virtualNetworks/cicd-vnet/subnets/cicd-subnet",
                "name": "cicd-subnet",
                "security_group": ""
              }
            ],
            "tags": {},
            "timeouts": null
          },
          "sensitive_attributes": [],
          "private": "eyJlMmJmYjczMC1lY2FhLTExZTYtOGY4OC0zNDM2M2JjN2M0YzAiOnsiY3JlYXRlIjoxODAwMDAwMDAwMDAwLCJkZWxldGUiOjE4MDAwMDAwMDAwMDAsInJlYWQiOjMwMDAwMDAwMDAwMCwidXBkYXRlIjoxODAwMDAwMDAwMDAwfX0="
        }
      ]
    },
    {
      "mode": "managed",
      "type": "random_password",
      "name": "vmgenpassword",
      "provider": "provider[\"registry.terraform.io/hashicorp/random\"]",
      "instances": [
        {
          "schema_version": 3,
          "attributes": {
            "bcrypt_hash": "$2a$10$udH/KP/G5D7mnD6LmKtiNOlIUX1qwK8.U7Mhvk91SQ.lx5uXXDOtC",
            "id": "none",
            "keepers": null,
            "length": 12,
            "lower": true,
            "min_lower": 2,
            "min_numeric": 2,
            "min_special": 2,
            "min_upper": 3,
            "number": true,
            "numeric": true,
            "override_special": "#$*@!",
            "result": "r46aVS#As$Lq",
            "special": true,
            "upper": true
          },
          "sensitive_attributes": [
            [
              {
                "type": "get_attr",
                "value": "result"
              }
            ],
            [
              {
                "type": "get_attr",
                "value": "bcrypt_hash"
              }
            ]
          ]
        }
      ]
    }
  ],
  "check_results": null
}
